// !$*UTF8*$!
{
	archiveVersion = 1;
	classes = {
	};
	objectVersion = 56;
	objects = {

/* Begin PBXBuildFile section */
		493A5C542A6B851600379601 /* AppUI in Frameworks */ = {isa = PBXBuildFile; productRef = 493A5C532A6B851600379601 /* AppUI */; };
		49429E432A61DC3C00AA21A8 /* AppDroid.swift in Sources */ = {isa = PBXBuildFile; fileRef = 49429E422A61DC3C00AA21A8 /* AppDroid.swift */; };
		49813B532A521AA700612428 /* AppUITests.swift in Sources */ = {isa = PBXBuildFile; fileRef = 49F90C472A52156300F06D93 /* AppUITests.swift */; };
		498387A32AA949F300E6929D /* AppUI in Frameworks */ = {isa = PBXBuildFile; productRef = 498387A22AA949F300E6929D /* AppUI */; };
		498387A62AA94B5800E6929D /* SkipDrive in Frameworks */ = {isa = PBXBuildFile; productRef = 498387A52AA94B5800E6929D /* SkipDrive */; };
		49F90C2C2A52156200F06D93 /* AppMain.swift in Sources */ = {isa = PBXBuildFile; fileRef = 49F90C2B2A52156200F06D93 /* AppMain.swift */; };
		49F90C302A52156300F06D93 /* Assets.xcassets in Resources */ = {isa = PBXBuildFile; fileRef = 49F90C2F2A52156300F06D93 /* Assets.xcassets */; };
		49F90C342A52156300F06D93 /* Preview Assets.xcassets in Resources */ = {isa = PBXBuildFile; fileRef = 49F90C332A52156300F06D93 /* Preview Assets.xcassets */; };
		49F90C3E2A52156300F06D93 /* AppTests.swift in Sources */ = {isa = PBXBuildFile; fileRef = 49F90C3D2A52156300F06D93 /* AppTests.swift */; };
		49F90C4A2A52156300F06D93 /* AppUITestsLaunchTests.swift in Sources */ = {isa = PBXBuildFile; fileRef = 49F90C492A52156300F06D93 /* AppUITestsLaunchTests.swift */; };
/* End PBXBuildFile section */

/* Begin PBXContainerItemProxy section */
		49F90C3A2A52156300F06D93 /* PBXContainerItemProxy */ = {
			isa = PBXContainerItemProxy;
			containerPortal = 49F90C202A52156200F06D93 /* Project object */;
			proxyType = 1;
			remoteGlobalIDString = 49F90C272A52156200F06D93;
			remoteInfo = App;
		};
		49F90C442A52156300F06D93 /* PBXContainerItemProxy */ = {
			isa = PBXContainerItemProxy;
			containerPortal = 49F90C202A52156200F06D93 /* Project object */;
			proxyType = 1;
			remoteGlobalIDString = 49F90C272A52156200F06D93;
			remoteInfo = App;
		};
/* End PBXContainerItemProxy section */

/* Begin PBXFileReference section */
		493609562A6B7EAE00C401E2 /* scratchpad */ = {isa = PBXFileReference; lastKnownFileType = wrapper; name = scratchpad; path = .; sourceTree = "<group>"; };
		49429E402A61DC3C00AA21A8 /* Scratch Pad */ = {isa = PBXFileReference; explicitFileType = "compiled.mach-o.executable"; includeInIndex = 0; path = "Scratch Pad"; sourceTree = BUILT_PRODUCTS_DIR; };
		49429E422A61DC3C00AA21A8 /* AppDroid.swift */ = {isa = PBXFileReference; lastKnownFileType = sourcecode.swift; path = AppDroid.swift; sourceTree = "<group>"; };
		496EB72F2A6AE4DE00C1253B /* App.xcconfig */ = {isa = PBXFileReference; lastKnownFileType = text.xcconfig; path = App.xcconfig; sourceTree = "<group>"; };
		4990AB3B2A91AFC5005777FD /* XCTest.framework */ = {isa = PBXFileReference; lastKnownFileType = wrapper.framework; name = XCTest.framework; path = Platforms/MacOSX.platform/Developer/Library/Frameworks/XCTest.framework; sourceTree = DEVELOPER_DIR; };
		49F90C282A52156200F06D93 /* Scratch Pad.app */ = {isa = PBXFileReference; explicitFileType = wrapper.application; includeInIndex = 0; path = "Scratch Pad.app"; sourceTree = BUILT_PRODUCTS_DIR; };
		49F90C2B2A52156200F06D93 /* AppMain.swift */ = {isa = PBXFileReference; lastKnownFileType = sourcecode.swift; name = AppMain.swift; path = Sources/App/AppMain.swift; sourceTree = SOURCE_ROOT; };
		49F90C2F2A52156300F06D93 /* Assets.xcassets */ = {isa = PBXFileReference; lastKnownFileType = folder.assetcatalog; name = Assets.xcassets; path = Sources/App/Assets.xcassets; sourceTree = "<group>"; };
		49F90C312A52156300F06D93 /* App.entitlements */ = {isa = PBXFileReference; lastKnownFileType = text.plist.entitlements; name = App.entitlements; path = Sources/App/App.entitlements; sourceTree = "<group>"; };
		49F90C332A52156300F06D93 /* Preview Assets.xcassets */ = {isa = PBXFileReference; lastKnownFileType = folder.assetcatalog; path = "Preview Assets.xcassets"; sourceTree = "<group>"; };
		49F90C392A52156300F06D93 /* AppTests.xctest */ = {isa = PBXFileReference; explicitFileType = wrapper.cfbundle; includeInIndex = 0; path = AppTests.xctest; sourceTree = BUILT_PRODUCTS_DIR; };
		49F90C3D2A52156300F06D93 /* AppTests.swift */ = {isa = PBXFileReference; lastKnownFileType = sourcecode.swift; path = AppTests.swift; sourceTree = "<group>"; };
		49F90C432A52156300F06D93 /* AppUITests.xctest */ = {isa = PBXFileReference; explicitFileType = wrapper.cfbundle; includeInIndex = 0; path = AppUITests.xctest; sourceTree = BUILT_PRODUCTS_DIR; };
		49F90C472A52156300F06D93 /* AppUITests.swift */ = {isa = PBXFileReference; lastKnownFileType = sourcecode.swift; path = AppUITests.swift; sourceTree = "<group>"; };
		49F90C492A52156300F06D93 /* AppUITestsLaunchTests.swift */ = {isa = PBXFileReference; lastKnownFileType = sourcecode.swift; path = AppUITestsLaunchTests.swift; sourceTree = "<group>"; };
/* End PBXFileReference section */

/* Begin PBXFrameworksBuildPhase section */
		49429E3D2A61DC3C00AA21A8 /* Frameworks */ = {
			isa = PBXFrameworksBuildPhase;
			buildActionMask = 2147483647;
			files = (
				498387A62AA94B5800E6929D /* SkipDrive in Frameworks */,
				498387A32AA949F300E6929D /* AppUI in Frameworks */,
			);
			runOnlyForDeploymentPostprocessing = 0;
		};
		49F90C252A52156200F06D93 /* Frameworks */ = {
			isa = PBXFrameworksBuildPhase;
			buildActionMask = 2147483647;
			files = (
				493A5C542A6B851600379601 /* AppUI in Frameworks */,
			);
			runOnlyForDeploymentPostprocessing = 0;
		};
		49F90C362A52156300F06D93 /* Frameworks */ = {
			isa = PBXFrameworksBuildPhase;
			buildActionMask = 2147483647;
			files = (
			);
			runOnlyForDeploymentPostprocessing = 0;
		};
		49F90C402A52156300F06D93 /* Frameworks */ = {
			isa = PBXFrameworksBuildPhase;
			buildActionMask = 2147483647;
			files = (
			);
			runOnlyForDeploymentPostprocessing = 0;
		};
/* End PBXFrameworksBuildPhase section */

/* Begin PBXGroup section */
		49429E412A61DC3C00AA21A8 /* AppDroid */ = {
			isa = PBXGroup;
			children = (
				49429E422A61DC3C00AA21A8 /* AppDroid.swift */,
			);
			name = AppDroid;
			path = Sources/AppDroid;
			sourceTree = SOURCE_ROOT;
		};
		49429E532A61E02A00AA21A8 /* Frameworks */ = {
			isa = PBXGroup;
			children = (
				4990AB3B2A91AFC5005777FD /* XCTest.framework */,
			);
			name = Frameworks;
			sourceTree = "<group>";
		};
		49F90C1F2A52156200F06D93 = {
			isa = PBXGroup;
			children = (
				496EB72F2A6AE4DE00C1253B /* App.xcconfig */,
				493609562A6B7EAE00C401E2 /* scratchpad */,
				49F90C2A2A52156200F06D93 /* App */,
				49F90C3C2A52156300F06D93 /* AppTests */,
				49429E412A61DC3C00AA21A8 /* AppDroid */,
				49F90C292A52156200F06D93 /* Products */,
				49429E532A61E02A00AA21A8 /* Frameworks */,
			);
			sourceTree = "<group>";
		};
		49F90C292A52156200F06D93 /* Products */ = {
			isa = PBXGroup;
			children = (
				49F90C282A52156200F06D93 /* Scratch Pad.app */,
				49F90C392A52156300F06D93 /* AppTests.xctest */,
				49F90C432A52156300F06D93 /* AppUITests.xctest */,
				49429E402A61DC3C00AA21A8 /* Scratch Pad */,
			);
			name = Products;
			sourceTree = "<group>";
		};
		49F90C2A2A52156200F06D93 /* App */ = {
			isa = PBXGroup;
			children = (
				49F90C2B2A52156200F06D93 /* AppMain.swift */,
				49F90C2F2A52156300F06D93 /* Assets.xcassets */,
				49F90C312A52156300F06D93 /* App.entitlements */,
				49F90C322A52156300F06D93 /* Preview Content */,
			);
			name = App;
			sourceTree = "<group>";
		};
		49F90C322A52156300F06D93 /* Preview Content */ = {
			isa = PBXGroup;
			children = (
				49F90C332A52156300F06D93 /* Preview Assets.xcassets */,
			);
			name = "Preview Content";
			path = "Sources/App/Preview Content";
			sourceTree = "<group>";
		};
		49F90C3C2A52156300F06D93 /* AppTests */ = {
			isa = PBXGroup;
			children = (
				49F90C3D2A52156300F06D93 /* AppTests.swift */,
				49F90C472A52156300F06D93 /* AppUITests.swift */,
				49F90C492A52156300F06D93 /* AppUITestsLaunchTests.swift */,
			);
			name = AppTests;
			path = Tests/AppTests;
			sourceTree = SOURCE_ROOT;
		};
/* End PBXGroup section */

/* Begin PBXNativeTarget section */
		49429E3F2A61DC3C00AA21A8 /* AppDroid */ = {
			isa = PBXNativeTarget;
			buildConfigurationList = 49429E462A61DC3C00AA21A8 /* Build configuration list for PBXNativeTarget "AppDroid" */;
			buildPhases = (
				49429E3C2A61DC3C00AA21A8 /* Sources */,
				49429E3D2A61DC3C00AA21A8 /* Frameworks */,
				49429E4E2A61DD4900AA21A8 /* Gradle Build */,
			);
			buildRules = (
			);
			dependencies = (
			);
			name = AppDroid;
			packageProductDependencies = (
				498387A22AA949F300E6929D /* AppUI */,
				498387A52AA94B5800E6929D /* SkipDrive */,
			);
			productName = AppDroid;
			productReference = 49429E402A61DC3C00AA21A8 /* Scratch Pad */;
			productType = "com.apple.product-type.tool";
		};
		49F90C272A52156200F06D93 /* App */ = {
			isa = PBXNativeTarget;
			buildConfigurationList = 49F90C4D2A52156300F06D93 /* Build configuration list for PBXNativeTarget "App" */;
			buildPhases = (
				49F90C242A52156200F06D93 /* Sources */,
				49F90C252A52156200F06D93 /* Frameworks */,
				49F90C262A52156200F06D93 /* Resources */,
			);
			buildRules = (
			);
			dependencies = (
			);
			name = App;
			packageProductDependencies = (
				493A5C532A6B851600379601 /* AppUI */,
			);
			productName = App;
			productReference = 49F90C282A52156200F06D93 /* Scratch Pad.app */;
			productType = "com.apple.product-type.application";
		};
		49F90C382A52156300F06D93 /* AppTests */ = {
			isa = PBXNativeTarget;
			buildConfigurationList = 49F90C502A52156300F06D93 /* Build configuration list for PBXNativeTarget "AppTests" */;
			buildPhases = (
				49F90C352A52156300F06D93 /* Sources */,
				49F90C362A52156300F06D93 /* Frameworks */,
				49F90C372A52156300F06D93 /* Resources */,
			);
			buildRules = (
			);
			dependencies = (
				49F90C3B2A52156300F06D93 /* PBXTargetDependency */,
			);
			name = AppTests;
			productName = AppTests;
			productReference = 49F90C392A52156300F06D93 /* AppTests.xctest */;
			productType = "com.apple.product-type.bundle.unit-test";
		};
		49F90C422A52156300F06D93 /* AppUITests */ = {
			isa = PBXNativeTarget;
			buildConfigurationList = 49F90C532A52156300F06D93 /* Build configuration list for PBXNativeTarget "AppUITests" */;
			buildPhases = (
				49F90C3F2A52156300F06D93 /* Sources */,
				49F90C402A52156300F06D93 /* Frameworks */,
				49F90C412A52156300F06D93 /* Resources */,
			);
			buildRules = (
			);
			dependencies = (
				49F90C452A52156300F06D93 /* PBXTargetDependency */,
			);
			name = AppUITests;
			productName = AppUITests;
			productReference = 49F90C432A52156300F06D93 /* AppUITests.xctest */;
			productType = "com.apple.product-type.bundle.ui-testing";
		};
/* End PBXNativeTarget section */

/* Begin PBXProject section */
		49F90C202A52156200F06D93 /* Project object */ = {
			isa = PBXProject;
			attributes = {
				BuildIndependentTargetsInParallel = 1;
				LastSwiftUpdateCheck = 1430;
				LastUpgradeCheck = 1500;
				TargetAttributes = {
					49429E3F2A61DC3C00AA21A8 = {
						CreatedOnToolsVersion = 14.3.1;
					};
					49F90C272A52156200F06D93 = {
						CreatedOnToolsVersion = 15.0;
					};
					49F90C382A52156300F06D93 = {
						CreatedOnToolsVersion = 15.0;
						TestTargetID = 49F90C272A52156200F06D93;
					};
					49F90C422A52156300F06D93 = {
						CreatedOnToolsVersion = 15.0;
						TestTargetID = 49F90C272A52156200F06D93;
					};
				};
			};
			buildConfigurationList = 49F90C232A52156200F06D93 /* Build configuration list for PBXProject "App" */;
			compatibilityVersion = "Xcode 14.0";
			developmentRegion = en;
			hasScannedForEncodings = 0;
			knownRegions = (
				en,
				Base,
			);
			mainGroup = 49F90C1F2A52156200F06D93;
			packageReferences = (
				498387A42AA94B4700E6929D /* XCRemoteSwiftPackageReference "skip" */,
			);
			productRefGroup = 49F90C292A52156200F06D93 /* Products */;
			projectDirPath = "";
			projectRoot = "";
			targets = (
				49F90C272A52156200F06D93 /* App */,
				49429E3F2A61DC3C00AA21A8 /* AppDroid */,
				49F90C382A52156300F06D93 /* AppTests */,
				49F90C422A52156300F06D93 /* AppUITests */,
			);
		};
/* End PBXProject section */

/* Begin PBXResourcesBuildPhase section */
		49F90C262A52156200F06D93 /* Resources */ = {
			isa = PBXResourcesBuildPhase;
			buildActionMask = 2147483647;
			files = (
				49F90C342A52156300F06D93 /* Preview Assets.xcassets in Resources */,
				49F90C302A52156300F06D93 /* Assets.xcassets in Resources */,
			);
			runOnlyForDeploymentPostprocessing = 0;
		};
		49F90C372A52156300F06D93 /* Resources */ = {
			isa = PBXResourcesBuildPhase;
			buildActionMask = 2147483647;
			files = (
			);
			runOnlyForDeploymentPostprocessing = 0;
		};
		49F90C412A52156300F06D93 /* Resources */ = {
			isa = PBXResourcesBuildPhase;
			buildActionMask = 2147483647;
			files = (
			);
			runOnlyForDeploymentPostprocessing = 0;
		};
/* End PBXResourcesBuildPhase section */

/* Begin PBXShellScriptBuildPhase section */
		49429E4E2A61DD4900AA21A8 /* Gradle Build */ = {
			isa = PBXShellScriptBuildPhase;
			alwaysOutOfDate = 1;
			buildActionMask = 2147483647;
			files = (
			);
			inputFileListPaths = (
			);
			inputPaths = (
			);
			name = "Gradle Build";
			outputFileListPaths = (
			);
			outputPaths = (
			);
			runOnlyForDeploymentPostprocessing = 0;
			shellPath = "/bin/sh -e";
			shellScript = "PATH=${PATH}:${BUILT_PRODUCTS_DIR}:/opt/homebrew/bin/:/usr/local/homebrew/bin\nskip gradle --package scratchpad --module AppUI assemble${CONFIGURATION}\nmkdir -p Skip/build/artifacts/\nln -f ${BUILD_ROOT}/../../SourcePackages/plugins/skipapp.output/AppUI/skipstone/AppUI/.build/AppUI/outputs/apk/*/*.apk Skip/build/artifacts/\n";
		};
/* End PBXShellScriptBuildPhase section */

/* Begin PBXSourcesBuildPhase section */
		49429E3C2A61DC3C00AA21A8 /* Sources */ = {
			isa = PBXSourcesBuildPhase;
			buildActionMask = 2147483647;
			files = (
				49429E432A61DC3C00AA21A8 /* AppDroid.swift in Sources */,
			);
			runOnlyForDeploymentPostprocessing = 0;
		};
		49F90C242A52156200F06D93 /* Sources */ = {
			isa = PBXSourcesBuildPhase;
			buildActionMask = 2147483647;
			files = (
				49F90C2C2A52156200F06D93 /* AppMain.swift in Sources */,
			);
			runOnlyForDeploymentPostprocessing = 0;
		};
		49F90C352A52156300F06D93 /* Sources */ = {
			isa = PBXSourcesBuildPhase;
			buildActionMask = 2147483647;
			files = (
				49F90C3E2A52156300F06D93 /* AppTests.swift in Sources */,
				49813B532A521AA700612428 /* AppUITests.swift in Sources */,
			);
			runOnlyForDeploymentPostprocessing = 0;
		};
		49F90C3F2A52156300F06D93 /* Sources */ = {
			isa = PBXSourcesBuildPhase;
			buildActionMask = 2147483647;
			files = (
				49F90C4A2A52156300F06D93 /* AppUITestsLaunchTests.swift in Sources */,
			);
			runOnlyForDeploymentPostprocessing = 0;
		};
/* End PBXSourcesBuildPhase section */

/* Begin PBXTargetDependency section */
		49F90C3B2A52156300F06D93 /* PBXTargetDependency */ = {
			isa = PBXTargetDependency;
			target = 49F90C272A52156200F06D93 /* App */;
			targetProxy = 49F90C3A2A52156300F06D93 /* PBXContainerItemProxy */;
		};
		49F90C452A52156300F06D93 /* PBXTargetDependency */ = {
			isa = PBXTargetDependency;
			target = 49F90C272A52156200F06D93 /* App */;
			targetProxy = 49F90C442A52156300F06D93 /* PBXContainerItemProxy */;
		};
/* End PBXTargetDependency section */

/* Begin XCBuildConfiguration section */
		49429E442A61DC3C00AA21A8 /* Debug */ = {
			isa = XCBuildConfiguration;
			buildSettings = {
				CODE_SIGN_STYLE = Automatic;
				ENABLE_TESTING_SEARCH_PATHS = YES;
				GCC_C_LANGUAGE_STANDARD = gnu11;
				MACOSX_DEPLOYMENT_TARGET = 13.3;
				SDKROOT = macosx;
				SWIFT_ACTIVE_COMPILATION_CONDITIONS = DEBUG;
				SWIFT_VERSION = 5.0;
			};
			name = Debug;
		};
		49429E452A61DC3C00AA21A8 /* Release */ = {
			isa = XCBuildConfiguration;
			buildSettings = {
				CODE_SIGN_STYLE = Automatic;
				ENABLE_TESTING_SEARCH_PATHS = YES;
				GCC_C_LANGUAGE_STANDARD = gnu11;
				MACOSX_DEPLOYMENT_TARGET = 13.3;
				SDKROOT = macosx;
				SWIFT_OPTIMIZATION_LEVEL = "-O";
				SWIFT_VERSION = 5.0;
			};
			name = Release;
		};
		49F90C4B2A52156300F06D93 /* Debug */ = {
			isa = XCBuildConfiguration;
			baseConfigurationReference = 496EB72F2A6AE4DE00C1253B /* App.xcconfig */;
			buildSettings = {
				ALWAYS_SEARCH_USER_PATHS = NO;
				ASSETCATALOG_COMPILER_GENERATE_SWIFT_ASSET_SYMBOL_EXTENSIONS = YES;
				CLANG_ANALYZER_NONNULL = YES;
				CLANG_ANALYZER_NUMBER_OBJECT_CONVERSION = YES_AGGRESSIVE;
				CLANG_CXX_LANGUAGE_STANDARD = "gnu++20";
				CLANG_ENABLE_MODULES = YES;
				CLANG_ENABLE_OBJC_ARC = YES;
				CLANG_ENABLE_OBJC_WEAK = YES;
				CLANG_WARN_BLOCK_CAPTURE_AUTORELEASING = YES;
				CLANG_WARN_BOOL_CONVERSION = YES;
				CLANG_WARN_COMMA = YES;
				CLANG_WARN_CONSTANT_CONVERSION = YES;
				CLANG_WARN_DEPRECATED_OBJC_IMPLEMENTATIONS = YES;
				CLANG_WARN_DIRECT_OBJC_ISA_USAGE = YES_ERROR;
				CLANG_WARN_DOCUMENTATION_COMMENTS = YES;
				CLANG_WARN_EMPTY_BODY = YES;
				CLANG_WARN_ENUM_CONVERSION = YES;
				CLANG_WARN_INFINITE_RECURSION = YES;
				CLANG_WARN_INT_CONVERSION = YES;
				CLANG_WARN_NON_LITERAL_NULL_CONVERSION = YES;
				CLANG_WARN_OBJC_IMPLICIT_RETAIN_SELF = YES;
				CLANG_WARN_OBJC_LITERAL_CONVERSION = YES;
				CLANG_WARN_OBJC_ROOT_CLASS = YES_ERROR;
				CLANG_WARN_QUOTED_INCLUDE_IN_FRAMEWORK_HEADER = YES;
				CLANG_WARN_RANGE_LOOP_ANALYSIS = YES;
				CLANG_WARN_STRICT_PROTOTYPES = YES;
				CLANG_WARN_SUSPICIOUS_MOVE = YES;
				CLANG_WARN_UNGUARDED_AVAILABILITY = YES_AGGRESSIVE;
				CLANG_WARN_UNREACHABLE_CODE = YES;
				CLANG_WARN__DUPLICATE_METHOD_MATCH = YES;
				COPY_PHASE_STRIP = NO;
				DEBUG_INFORMATION_FORMAT = dwarf;
				ENABLE_STRICT_OBJC_MSGSEND = YES;
				ENABLE_TESTABILITY = YES;
				ENABLE_USER_SCRIPT_SANDBOXING = NO;
				GCC_C_LANGUAGE_STANDARD = gnu17;
				GCC_DYNAMIC_NO_PIC = NO;
				GCC_NO_COMMON_BLOCKS = YES;
				GCC_OPTIMIZATION_LEVEL = 0;
				GCC_PREPROCESSOR_DEFINITIONS = (
					"DEBUG=1",
					"$(inherited)",
				);
				GCC_WARN_64_TO_32_BIT_CONVERSION = YES;
				GCC_WARN_ABOUT_RETURN_TYPE = YES_ERROR;
				GCC_WARN_UNDECLARED_SELECTOR = YES;
				GCC_WARN_UNINITIALIZED_AUTOS = YES_AGGRESSIVE;
				GCC_WARN_UNUSED_FUNCTION = YES;
				GCC_WARN_UNUSED_VARIABLE = YES;
				LOCALIZATION_PREFERS_STRING_CATALOGS = YES;
				MTL_ENABLE_DEBUG_INFO = INCLUDE_SOURCE;
				MTL_FAST_MATH = YES;
				ONLY_ACTIVE_ARCH = YES;
				SWIFT_ACTIVE_COMPILATION_CONDITIONS = "DEBUG $(inherited)";
				SWIFT_OPTIMIZATION_LEVEL = "-Onone";
			};
			name = Debug;
		};
		49F90C4C2A52156300F06D93 /* Release */ = {
			isa = XCBuildConfiguration;
			baseConfigurationReference = 496EB72F2A6AE4DE00C1253B /* App.xcconfig */;
			buildSettings = {
				ALWAYS_SEARCH_USER_PATHS = NO;
				ASSETCATALOG_COMPILER_GENERATE_SWIFT_ASSET_SYMBOL_EXTENSIONS = YES;
				CLANG_ANALYZER_NONNULL = YES;
				CLANG_ANALYZER_NUMBER_OBJECT_CONVERSION = YES_AGGRESSIVE;
				CLANG_CXX_LANGUAGE_STANDARD = "gnu++20";
				CLANG_ENABLE_MODULES = YES;
				CLANG_ENABLE_OBJC_ARC = YES;
				CLANG_ENABLE_OBJC_WEAK = YES;
				CLANG_WARN_BLOCK_CAPTURE_AUTORELEASING = YES;
				CLANG_WARN_BOOL_CONVERSION = YES;
				CLANG_WARN_COMMA = YES;
				CLANG_WARN_CONSTANT_CONVERSION = YES;
				CLANG_WARN_DEPRECATED_OBJC_IMPLEMENTATIONS = YES;
				CLANG_WARN_DIRECT_OBJC_ISA_USAGE = YES_ERROR;
				CLANG_WARN_DOCUMENTATION_COMMENTS = YES;
				CLANG_WARN_EMPTY_BODY = YES;
				CLANG_WARN_ENUM_CONVERSION = YES;
				CLANG_WARN_INFINITE_RECURSION = YES;
				CLANG_WARN_INT_CONVERSION = YES;
				CLANG_WARN_NON_LITERAL_NULL_CONVERSION = YES;
				CLANG_WARN_OBJC_IMPLICIT_RETAIN_SELF = YES;
				CLANG_WARN_OBJC_LITERAL_CONVERSION = YES;
				CLANG_WARN_OBJC_ROOT_CLASS = YES_ERROR;
				CLANG_WARN_QUOTED_INCLUDE_IN_FRAMEWORK_HEADER = YES;
				CLANG_WARN_RANGE_LOOP_ANALYSIS = YES;
				CLANG_WARN_STRICT_PROTOTYPES = YES;
				CLANG_WARN_SUSPICIOUS_MOVE = YES;
				CLANG_WARN_UNGUARDED_AVAILABILITY = YES_AGGRESSIVE;
				CLANG_WARN_UNREACHABLE_CODE = YES;
				CLANG_WARN__DUPLICATE_METHOD_MATCH = YES;
				COPY_PHASE_STRIP = NO;
				DEBUG_INFORMATION_FORMAT = "dwarf-with-dsym";
				ENABLE_NS_ASSERTIONS = NO;
				ENABLE_STRICT_OBJC_MSGSEND = YES;
				ENABLE_USER_SCRIPT_SANDBOXING = NO;
				GCC_C_LANGUAGE_STANDARD = gnu17;
				GCC_NO_COMMON_BLOCKS = YES;
				GCC_WARN_64_TO_32_BIT_CONVERSION = YES;
				GCC_WARN_ABOUT_RETURN_TYPE = YES_ERROR;
				GCC_WARN_UNDECLARED_SELECTOR = YES;
				GCC_WARN_UNINITIALIZED_AUTOS = YES_AGGRESSIVE;
				GCC_WARN_UNUSED_FUNCTION = YES;
				GCC_WARN_UNUSED_VARIABLE = YES;
				LOCALIZATION_PREFERS_STRING_CATALOGS = YES;
				MTL_ENABLE_DEBUG_INFO = NO;
				MTL_FAST_MATH = YES;
				SWIFT_COMPILATION_MODE = wholemodule;
			};
			name = Release;
		};
		49F90C4E2A52156300F06D93 /* Debug */ = {
			isa = XCBuildConfiguration;
			buildSettings = {
				ASSETCATALOG_COMPILER_APPICON_NAME = AppIcon;
				ASSETCATALOG_COMPILER_GLOBAL_ACCENT_COLOR_NAME = AccentColor;
				CODE_SIGN_ENTITLEMENTS = Sources/App/App.entitlements;
				CODE_SIGN_STYLE = Automatic;
				DEVELOPMENT_ASSET_PATHS = "\"Sources/App/Preview Content\"";
				ENABLE_PREVIEWS = YES;
				GENERATE_INFOPLIST_FILE = YES;
				INFOPLIST_KEY_CFBundleDisplayName = "Scratch Pad";
				"INFOPLIST_KEY_UIApplicationSceneManifest_Generation[sdk=iphoneos*]" = YES;
				"INFOPLIST_KEY_UIApplicationSceneManifest_Generation[sdk=iphonesimulator*]" = YES;
				"INFOPLIST_KEY_UIApplicationSupportsIndirectInputEvents[sdk=iphoneos*]" = YES;
				"INFOPLIST_KEY_UIApplicationSupportsIndirectInputEvents[sdk=iphonesimulator*]" = YES;
				"INFOPLIST_KEY_UILaunchScreen_Generation[sdk=iphoneos*]" = YES;
				"INFOPLIST_KEY_UILaunchScreen_Generation[sdk=iphonesimulator*]" = YES;
				"INFOPLIST_KEY_UIStatusBarStyle[sdk=iphoneos*]" = UIStatusBarStyleDefault;
				"INFOPLIST_KEY_UIStatusBarStyle[sdk=iphonesimulator*]" = UIStatusBarStyleDefault;
				INFOPLIST_KEY_UISupportedInterfaceOrientations = "UIInterfaceOrientationLandscapeLeft UIInterfaceOrientationLandscapeRight UIInterfaceOrientationPortrait UIInterfaceOrientationPortraitUpsideDown";
				IPHONEOS_DEPLOYMENT_TARGET = 16.4;
				LD_RUNPATH_SEARCH_PATHS = "@executable_path/Frameworks";
				"LD_RUNPATH_SEARCH_PATHS[sdk=macosx*]" = "@executable_path/../Frameworks";
				MACOSX_DEPLOYMENT_TARGET = 13.4;
				SDKROOT = auto;
				SUPPORTED_PLATFORMS = "iphoneos iphonesimulator macosx";
				SWIFT_EMIT_LOC_STRINGS = YES;
				SWIFT_VERSION = 5.0;
				TARGETED_DEVICE_FAMILY = "1,2";
			};
			name = Debug;
		};
		49F90C4F2A52156300F06D93 /* Release */ = {
			isa = XCBuildConfiguration;
			buildSettings = {
				ASSETCATALOG_COMPILER_APPICON_NAME = AppIcon;
				ASSETCATALOG_COMPILER_GLOBAL_ACCENT_COLOR_NAME = AccentColor;
				CODE_SIGN_ENTITLEMENTS = Sources/App/App.entitlements;
				CODE_SIGN_STYLE = Automatic;
				DEVELOPMENT_ASSET_PATHS = "\"Sources/App/Preview Content\"";
				ENABLE_PREVIEWS = YES;
				GENERATE_INFOPLIST_FILE = YES;
				INFOPLIST_KEY_CFBundleDisplayName = "Scratch Pad";
				"INFOPLIST_KEY_UIApplicationSceneManifest_Generation[sdk=iphoneos*]" = YES;
				"INFOPLIST_KEY_UIApplicationSceneManifest_Generation[sdk=iphonesimulator*]" = YES;
				"INFOPLIST_KEY_UIApplicationSupportsIndirectInputEvents[sdk=iphoneos*]" = YES;
				"INFOPLIST_KEY_UIApplicationSupportsIndirectInputEvents[sdk=iphonesimulator*]" = YES;
				"INFOPLIST_KEY_UILaunchScreen_Generation[sdk=iphoneos*]" = YES;
				"INFOPLIST_KEY_UILaunchScreen_Generation[sdk=iphonesimulator*]" = YES;
				"INFOPLIST_KEY_UIStatusBarStyle[sdk=iphoneos*]" = UIStatusBarStyleDefault;
				"INFOPLIST_KEY_UIStatusBarStyle[sdk=iphonesimulator*]" = UIStatusBarStyleDefault;
				INFOPLIST_KEY_UISupportedInterfaceOrientations = "UIInterfaceOrientationLandscapeLeft UIInterfaceOrientationLandscapeRight UIInterfaceOrientationPortrait UIInterfaceOrientationPortraitUpsideDown";
				IPHONEOS_DEPLOYMENT_TARGET = 16.4;
				LD_RUNPATH_SEARCH_PATHS = "@executable_path/Frameworks";
				"LD_RUNPATH_SEARCH_PATHS[sdk=macosx*]" = "@executable_path/../Frameworks";
				MACOSX_DEPLOYMENT_TARGET = 13.4;
				SDKROOT = auto;
				SUPPORTED_PLATFORMS = "iphoneos iphonesimulator macosx";
				SWIFT_EMIT_LOC_STRINGS = YES;
				SWIFT_VERSION = 5.0;
				TARGETED_DEVICE_FAMILY = "1,2";
			};
			name = Release;
		};
		49F90C512A52156300F06D93 /* Debug */ = {
			isa = XCBuildConfiguration;
			buildSettings = {
				ALWAYS_EMBED_SWIFT_STANDARD_LIBRARIES = YES;
				BUNDLE_LOADER = "$(TEST_HOST)";
				CODE_SIGN_STYLE = Automatic;
				CURRENT_PROJECT_VERSION = 1;
				GENERATE_INFOPLIST_FILE = YES;
				IPHONEOS_DEPLOYMENT_TARGET = 17.0;
				MACOSX_DEPLOYMENT_TARGET = 13.4;
				MARKETING_VERSION = 1.0;
				PRODUCT_BUNDLE_IDENTIFIER = app.AppTests;
				PRODUCT_NAME = "$(TARGET_NAME)";
				SDKROOT = auto;
				SUPPORTED_PLATFORMS = "iphoneos iphonesimulator macosx";
				SWIFT_EMIT_LOC_STRINGS = NO;
				SWIFT_VERSION = 5.0;
				TARGETED_DEVICE_FAMILY = "1,2";
				TEST_HOST = "$(BUILT_PRODUCTS_DIR)/App.app/$(BUNDLE_EXECUTABLE_FOLDER_PATH)/App";
			};
			name = Debug;
		};
		49F90C522A52156300F06D93 /* Release */ = {
			isa = XCBuildConfiguration;
			buildSettings = {
				ALWAYS_EMBED_SWIFT_STANDARD_LIBRARIES = YES;
				BUNDLE_LOADER = "$(TEST_HOST)";
				CODE_SIGN_STYLE = Automatic;
				CURRENT_PROJECT_VERSION = 1;
				GENERATE_INFOPLIST_FILE = YES;
				IPHONEOS_DEPLOYMENT_TARGET = 17.0;
				MACOSX_DEPLOYMENT_TARGET = 13.4;
				MARKETING_VERSION = 1.0;
				PRODUCT_BUNDLE_IDENTIFIER = app.AppTests;
				PRODUCT_NAME = "$(TARGET_NAME)";
				SDKROOT = auto;
				SUPPORTED_PLATFORMS = "iphoneos iphonesimulator macosx";
				SWIFT_EMIT_LOC_STRINGS = NO;
				SWIFT_VERSION = 5.0;
				TARGETED_DEVICE_FAMILY = "1,2";
				TEST_HOST = "$(BUILT_PRODUCTS_DIR)/App.app/$(BUNDLE_EXECUTABLE_FOLDER_PATH)/App";
			};
			name = Release;
		};
		49F90C542A52156300F06D93 /* Debug */ = {
			isa = XCBuildConfiguration;
			buildSettings = {
				ALWAYS_EMBED_SWIFT_STANDARD_LIBRARIES = YES;
				CODE_SIGN_STYLE = Automatic;
				CURRENT_PROJECT_VERSION = 1;
				GENERATE_INFOPLIST_FILE = YES;
				IPHONEOS_DEPLOYMENT_TARGET = 17.0;
				MACOSX_DEPLOYMENT_TARGET = 13.4;
				MARKETING_VERSION = 1.0;
				PRODUCT_BUNDLE_IDENTIFIER = app.AppUITests;
				PRODUCT_NAME = "$(TARGET_NAME)";
				SDKROOT = auto;
				SUPPORTED_PLATFORMS = "iphoneos iphonesimulator macosx";
				SWIFT_EMIT_LOC_STRINGS = NO;
				SWIFT_VERSION = 5.0;
				TARGETED_DEVICE_FAMILY = "1,2";
				TEST_TARGET_NAME = App;
			};
			name = Debug;
		};
		49F90C552A52156300F06D93 /* Release */ = {
			isa = XCBuildConfiguration;
			buildSettings = {
				ALWAYS_EMBED_SWIFT_STANDARD_LIBRARIES = YES;
				CODE_SIGN_STYLE = Automatic;
				CURRENT_PROJECT_VERSION = 1;
				GENERATE_INFOPLIST_FILE = YES;
				IPHONEOS_DEPLOYMENT_TARGET = 17.0;
				MACOSX_DEPLOYMENT_TARGET = 13.4;
				MARKETING_VERSION = 1.0;
				PRODUCT_BUNDLE_IDENTIFIER = app.AppUITests;
				PRODUCT_NAME = "$(TARGET_NAME)";
				SDKROOT = auto;
				SUPPORTED_PLATFORMS = "iphoneos iphonesimulator macosx";
				SWIFT_EMIT_LOC_STRINGS = NO;
				SWIFT_VERSION = 5.0;
				TARGETED_DEVICE_FAMILY = "1,2";
				TEST_TARGET_NAME = App;
			};
			name = Release;
		};
/* End XCBuildConfiguration section */

/* Begin XCConfigurationList section */
		49429E462A61DC3C00AA21A8 /* Build configuration list for PBXNativeTarget "AppDroid" */ = {
			isa = XCConfigurationList;
			buildConfigurations = (
				49429E442A61DC3C00AA21A8 /* Debug */,
				49429E452A61DC3C00AA21A8 /* Release */,
			);
			defaultConfigurationIsVisible = 0;
			defaultConfigurationName = Release;
		};
		49F90C232A52156200F06D93 /* Build configuration list for PBXProject "App" */ = {
			isa = XCConfigurationList;
			buildConfigurations = (
				49F90C4B2A52156300F06D93 /* Debug */,
				49F90C4C2A52156300F06D93 /* Release */,
			);
			defaultConfigurationIsVisible = 0;
			defaultConfigurationName = Release;
		};
		49F90C4D2A52156300F06D93 /* Build configuration list for PBXNativeTarget "App" */ = {
			isa = XCConfigurationList;
			buildConfigurations = (
				49F90C4E2A52156300F06D93 /* Debug */,
				49F90C4F2A52156300F06D93 /* Release */,
			);
			defaultConfigurationIsVisible = 0;
			defaultConfigurationName = Release;
		};
		49F90C502A52156300F06D93 /* Build configuration list for PBXNativeTarget "AppTests" */ = {
			isa = XCConfigurationList;
			buildConfigurations = (
				49F90C512A52156300F06D93 /* Debug */,
				49F90C522A52156300F06D93 /* Release */,
			);
			defaultConfigurationIsVisible = 0;
			defaultConfigurationName = Release;
		};
		49F90C532A52156300F06D93 /* Build configuration list for PBXNativeTarget "AppUITests" */ = {
			isa = XCConfigurationList;
			buildConfigurations = (
				49F90C542A52156300F06D93 /* Debug */,
				49F90C552A52156300F06D93 /* Release */,
			);
			defaultConfigurationIsVisible = 0;
			defaultConfigurationName = Release;
		};
/* End XCConfigurationList section */

/* Begin XCRemoteSwiftPackageReference section */
		498387A42AA94B4700E6929D /* XCRemoteSwiftPackageReference "skip" */ = {
			isa = XCRemoteSwiftPackageReference;
			repositoryURL = "https://source.skip.tools/skip.git";
			requirement = {
				kind = upToNextMajorVersion;
				minimumVersion = 0.6.55;
			};
		};
/* End XCRemoteSwiftPackageReference section */

/* Begin XCSwiftPackageProductDependency section */
		493A5C532A6B851600379601 /* AppUI */ = {
			isa = XCSwiftPackageProductDependency;
			productName = AppUI;
		};
		498387A22AA949F300E6929D /* AppUI */ = {
			isa = XCSwiftPackageProductDependency;
			productName = AppUI;
		};
		498387A52AA94B5800E6929D /* SkipDrive */ = {
			isa = XCSwiftPackageProductDependency;
			package = 498387A42AA94B4700E6929D /* XCRemoteSwiftPackageReference "skip" */;
			productName = SkipDrive;
		};
/* End XCSwiftPackageProductDependency section */
	};
	rootObject = 49F90C202A52156200F06D93 /* Project object */;
}
