// !$*UTF8*$!
{
	archiveVersion = 1;
	classes = {
	};
	objectVersion = 56;
	objects = {

/* Begin PBXBuildFile section */
		490010192BACD83F0000DE33 /* protest_guerrilla.ttf in Resources */ = {isa = PBXBuildFile; fileRef = 490010182BACD83F0000DE33 /* protest_guerrilla.ttf */; };
		49231BAC2AC5BCEF00F98ADF /* ShowcaseApp in Frameworks */ = {isa = PBXBuildFile; productRef = 49231BAB2AC5BCEF00F98ADF /* ShowcaseApp */; };
		49231BAD2AC5BCEF00F98ADF /* ShowcaseApp in Embed Frameworks */ = {isa = PBXBuildFile; productRef = 49231BAB2AC5BCEF00F98ADF /* ShowcaseApp */; settings = {ATTRIBUTES = (CodeSignOnCopy, ); }; };
		499CD43B2AC5B799001AE8D8 /* Main.swift in Sources */ = {isa = PBXBuildFile; fileRef = 49F90C2B2A52156200F06D93 /* Main.swift */; };
		499CD4402AC5B799001AE8D8 /* Assets.xcassets in Resources */ = {isa = PBXBuildFile; fileRef = 49F90C2F2A52156300F06D93 /* Assets.xcassets */; };
		49DAAD422D2F51F60086DB92 /* Localizable.xcstrings in Resources */ = {isa = PBXBuildFile; fileRef = 49DAAD412D2F51F60086DB92 /* Localizable.xcstrings */; };
/* End PBXBuildFile section */

/* Begin PBXCopyFilesBuildPhase section */
		499CD44A2AC5B9C6001AE8D8 /* Embed Frameworks */ = {
			isa = PBXCopyFilesBuildPhase;
			buildActionMask = 2147483647;
			dstPath = "";
			dstSubfolderSpec = 10;
			files = (
				49231BAD2AC5BCEF00F98ADF /* ShowcaseApp in Embed Frameworks */,
			);
			name = "Embed Frameworks";
			runOnlyForDeploymentPostprocessing = 0;
		};
/* End PBXCopyFilesBuildPhase section */

/* Begin PBXFileReference section */
		490010182BACD83F0000DE33 /* protest_guerrilla.ttf */ = {isa = PBXFileReference; lastKnownFileType = file; name = protest_guerrilla.ttf; path = ../Sources/Showcase/Resources/protest_guerrilla.ttf; sourceTree = "<group>"; };
		4900101C2BACEA710000DE33 /* Info.plist */ = {isa = PBXFileReference; lastKnownFileType = text.plist.xml; path = Info.plist; sourceTree = "<group>"; };
		490A40BF2B37A3C300275405 /* Showcase.app */ = {isa = PBXFileReference; explicitFileType = wrapper.application; includeInIndex = 0; path = Showcase.app; sourceTree = BUILT_PRODUCTS_DIR; };
		493609562A6B7EAE00C401E2 /* Showcase */ = {isa = PBXFileReference; lastKnownFileType = wrapper; name = Showcase; path = ..; sourceTree = "<group>"; };
		496EB72F2A6AE4DE00C1253A /* Skip.env */ = {isa = PBXFileReference; lastKnownFileType = text.xcconfig; name = Skip.env; path = ../Skip.env; sourceTree = "<group>"; };
		496EB72F2A6AE4DE00C1253B /* Showcase.xcconfig */ = {isa = PBXFileReference; lastKnownFileType = text.xcconfig; path = Showcase.xcconfig; sourceTree = "<group>"; };
		496EB72F2A6AE4DE00C1253C /* README.md */ = {isa = PBXFileReference; lastKnownFileType = net.daringfireball.markdown; name = README.md; path = ../README.md; sourceTree = "<group>"; };
		499AB9082B0581F4005E8330 /* plugins */ = {isa = PBXFileReference; lastKnownFileType = folder; name = plugins; path = ../../Intermediates.noindex/BuildToolPluginIntermediates; sourceTree = BUILT_PRODUCTS_DIR; };
		49DAAD412D2F51F60086DB92 /* Localizable.xcstrings */ = {isa = PBXFileReference; lastKnownFileType = text.json.xcstrings; name = Localizable.xcstrings; path = ../Sources/Showcase/Resources/Localizable.xcstrings; sourceTree = "<group>"; };
		49F90C2B2A52156200F06D93 /* Main.swift */ = {isa = PBXFileReference; lastKnownFileType = sourcecode.swift; name = Main.swift; path = Sources/Main.swift; sourceTree = SOURCE_ROOT; };
		49F90C2F2A52156300F06D93 /* Assets.xcassets */ = {isa = PBXFileReference; lastKnownFileType = folder.assetcatalog; path = Assets.xcassets; sourceTree = "<group>"; };
		49F90C312A52156300F06D93 /* Entitlements.plist */ = {isa = PBXFileReference; lastKnownFileType = text.plist.entitlements; path = Entitlements.plist; sourceTree = "<group>"; };
/* End PBXFileReference section */

/* Begin PBXFrameworksBuildPhase section */
		499CD43C2AC5B799001AE8D8 /* Frameworks */ = {
			isa = PBXFrameworksBuildPhase;
			buildActionMask = 2147483647;
			files = (
				49231BAC2AC5BCEF00F98ADF /* ShowcaseApp in Frameworks */,
			);
			runOnlyForDeploymentPostprocessing = 0;
		};
/* End PBXFrameworksBuildPhase section */

/* Begin PBXGroup section */
		490A40C02B37A3C300275405 /* Products */ = {
			isa = PBXGroup;
			children = (
				490A40BF2B37A3C300275405 /* Showcase.app */,
			);
			name = Products;
			sourceTree = "<group>";
		};
		49AB54462B066A7E007B79B2 /* SkipStone */ = {
			isa = PBXGroup;
			children = (
				499AB9082B0581F4005E8330 /* plugins */,
			);
			name = SkipStone;
			sourceTree = "<group>";
		};
		49F90C1F2A52156200F06D93 = {
			isa = PBXGroup;
			children = (
				49DAAD412D2F51F60086DB92 /* Localizable.xcstrings */,
				496EB72F2A6AE4DE00C1253C /* README.md */,
				496EB72F2A6AE4DE00C1253A /* Skip.env */,
				496EB72F2A6AE4DE00C1253B /* Showcase.xcconfig */,
				493609562A6B7EAE00C401E2 /* Showcase */,
				49F90C2A2A52156200F06D93 /* App */,
				49AB54462B066A7E007B79B2 /* SkipStone */,
				490A40C02B37A3C300275405 /* Products */,
			);
			sourceTree = "<group>";
		};
		49F90C2A2A52156200F06D93 /* App */ = {
			isa = PBXGroup;
			children = (
				49F90C2B2A52156200F06D93 /* Main.swift */,
				49F90C2F2A52156300F06D93 /* Assets.xcassets */,
				4900101C2BACEA710000DE33 /* Info.plist */,
				490010182BACD83F0000DE33 /* protest_guerrilla.ttf */,
				49F90C312A52156300F06D93 /* Entitlements.plist */,
			);
			name = App;
			sourceTree = "<group>";
		};
/* End PBXGroup section */

/* Begin PBXNativeTarget section */
		499CD4382AC5B799001AE8D8 /* Showcase */ = {
			isa = PBXNativeTarget;
			buildConfigurationList = 499CD4412AC5B799001AE8D8 /* Build configuration list for PBXNativeTarget "Showcase" */;
			buildPhases = (
				499CD43A2AC5B799001AE8D8 /* Sources */,
				499CD43C2AC5B799001AE8D8 /* Frameworks */,
				499CD43E2AC5B799001AE8D8 /* Resources */,
				499CD4452AC5B869001AE8D8 /* Run skip gradle */,
				499CD44A2AC5B9C6001AE8D8 /* Embed Frameworks */,
			);
			buildRules = (
			);
			dependencies = (
			);
			name = Showcase;
			packageProductDependencies = (
				49231BAB2AC5BCEF00F98ADF /* ShowcaseApp */,
			);
			productName = App;
			productReference = 490A40BF2B37A3C300275405 /* Showcase.app */;
			productType = "com.apple.product-type.application";
		};
/* End PBXNativeTarget section */

/* Begin PBXProject section */
		49F90C202A52156200F06D93 /* Project object */ = {
			isa = PBXProject;
			attributes = {
				BuildIndependentTargetsInParallel = 1;
				LastSwiftUpdateCheck = 1430;
				LastUpgradeCheck = 1540;
			};
			buildConfigurationList = 49F90C232A52156200F06D93 /* Build configuration list for PBXProject "Showcase" */;
			compatibilityVersion = "Xcode 14.0";
			developmentRegion = en;
			hasScannedForEncodings = 0;
			knownRegions = (
				en,
				Base,
			);
			mainGroup = 49F90C1F2A52156200F06D93;
			packageReferences = (
			);
			productRefGroup = 490A40C02B37A3C300275405 /* Products */;
			projectDirPath = "";
			projectRoot = "";
			targets = (
				499CD4382AC5B799001AE8D8 /* Showcase */,
			);
		};
/* End PBXProject section */

/* Begin PBXResourcesBuildPhase section */
		499CD43E2AC5B799001AE8D8 /* Resources */ = {
			isa = PBXResourcesBuildPhase;
			buildActionMask = 2147483647;
			files = (
				499CD4402AC5B799001AE8D8 /* Assets.xcassets in Resources */,
				49DAAD422D2F51F60086DB92 /* Localizable.xcstrings in Resources */,
				490010192BACD83F0000DE33 /* protest_guerrilla.ttf in Resources */,
			);
			runOnlyForDeploymentPostprocessing = 0;
		};
/* End PBXResourcesBuildPhase section */

/* Begin PBXShellScriptBuildPhase section */
		499CD4452AC5B869001AE8D8 /* Run skip gradle */ = {
			isa = PBXShellScriptBuildPhase;
			alwaysOutOfDate = 1;
			buildActionMask = 12;
			files = (
			);
			inputFileListPaths = (
			);
			inputPaths = (
			);
			name = "Run skip gradle";
			outputFileListPaths = (
			);
			outputPaths = (
			);
			runOnlyForDeploymentPostprocessing = 0;
			shellPath = "/bin/sh -e";
			shellScript = "if [ \"${SKIP_ZERO}\" != \"\" ]; then\n    echo \"note: skipping skip due to SKIP_ZERO\"\n    exit 0\nelif [ \"${ENABLE_PREVIEWS}\" == \"YES\" ]; then\n    echo \"note: skipping skip due to ENABLE_PREVIEWS\"\n    exit 0\nelif [ \"${ACTION}\" = \"install\" ]; then\n    echo \"note: skipping skip due to archive install\"\n    exit 0\nelse\n    SKIP_ACTION=\"${SKIP_ACTION:-launch}\"\nfi\nPATH=${BUILD_ROOT}/Debug:${BUILD_ROOT}/../../SourcePackages/artifacts/skip/skip/skip.artifactbundle/macos:${PATH}:${HOMEBREW_PREFIX:-/opt/homebrew}/bin\necho \"note: running gradle build with: $(which skip) gradle -p ${PWD}/../Android ${SKIP_ACTION:-launch}${CONFIGURATION:-Debug}\"\nskip gradle -p ../Android ${SKIP_ACTION:-launch}${CONFIGURATION:-Debug}\n\n";
		};
/* End PBXShellScriptBuildPhase section */

/* Begin PBXSourcesBuildPhase section */
		499CD43A2AC5B799001AE8D8 /* Sources */ = {
			isa = PBXSourcesBuildPhase;
			buildActionMask = 2147483647;
			files = (
				499CD43B2AC5B799001AE8D8 /* Main.swift in Sources */,
			);
			runOnlyForDeploymentPostprocessing = 0;
		};
/* End PBXSourcesBuildPhase section */

/* Begin XCBuildConfiguration section */
		499CD4422AC5B799001AE8D8 /* Debug */ = {
			isa = XCBuildConfiguration;
			baseConfigurationReference = 496EB72F2A6AE4DE00C1253B /* Showcase.xcconfig */;
			buildSettings = {
				ENABLE_PREVIEWS = YES;
				INFOPLIST_KEY_LSApplicationCategoryType = "public.app-category.utilities";
				LD_RUNPATH_SEARCH_PATHS = "@executable_path/Frameworks";
				"LD_RUNPATH_SEARCH_PATHS[sdk=macosx*]" = "@executable_path/../Frameworks";
				SUPPORTED_PLATFORMS = "iphoneos iphonesimulator macosx";
				SUPPORTS_MACCATALYST = NO;
				TARGETED_DEVICE_FAMILY = "1,2";
			};
			name = Debug;
		};
		499CD4432AC5B799001AE8D8 /* Release */ = {
			isa = XCBuildConfiguration;
			baseConfigurationReference = 496EB72F2A6AE4DE00C1253B /* Showcase.xcconfig */;
			buildSettings = {
				ENABLE_PREVIEWS = YES;
				INFOPLIST_KEY_LSApplicationCategoryType = "public.app-category.utilities";
				LD_RUNPATH_SEARCH_PATHS = "@executable_path/Frameworks";
				"LD_RUNPATH_SEARCH_PATHS[sdk=macosx*]" = "@executable_path/../Frameworks";
				SUPPORTED_PLATFORMS = "iphoneos iphonesimulator macosx";
				SUPPORTS_MACCATALYST = NO;
				TARGETED_DEVICE_FAMILY = "1,2";
			};
			name = Release;
		};
		49F90C4B2A52156300F06D93 /* Debug */ = {
			isa = XCBuildConfiguration;
			buildSettings = {
				ALWAYS_SEARCH_USER_PATHS = NO;
				ASSETCATALOG_COMPILER_GENERATE_SWIFT_ASSET_SYMBOL_EXTENSIONS = YES;
				COPY_PHASE_STRIP = NO;
				DEBUG_INFORMATION_FORMAT = dwarf;
				ENABLE_STRICT_OBJC_MSGSEND = YES;
				ENABLE_TESTABILITY = YES;
				ENABLE_USER_SCRIPT_SANDBOXING = NO;
				LOCALIZATION_PREFERS_STRING_CATALOGS = YES;
				MTL_ENABLE_DEBUG_INFO = INCLUDE_SOURCE;
				MTL_FAST_MATH = YES;
				ONLY_ACTIVE_ARCH = YES;
				SWIFT_ACTIVE_COMPILATION_CONDITIONS = "DEBUG $(inherited)";
				SWIFT_OPTIMIZATION_LEVEL = "-Onone";
			};
			name = Debug;
		};
		49F90C4C2A52156300F06D93 /* Release */ = {
			isa = XCBuildConfiguration;
			buildSettings = {
				ALWAYS_SEARCH_USER_PATHS = NO;
				ASSETCATALOG_COMPILER_GENERATE_SWIFT_ASSET_SYMBOL_EXTENSIONS = YES;
				COPY_PHASE_STRIP = NO;
				DEBUG_INFORMATION_FORMAT = dwarf;
				ENABLE_NS_ASSERTIONS = NO;
				ENABLE_STRICT_OBJC_MSGSEND = YES;
				ENABLE_USER_SCRIPT_SANDBOXING = NO;
				LOCALIZATION_PREFERS_STRING_CATALOGS = YES;
				MTL_ENABLE_DEBUG_INFO = NO;
				MTL_FAST_MATH = YES;
				SWIFT_COMPILATION_MODE = wholemodule;
			};
			name = Release;
		};
/* End XCBuildConfiguration section */

/* Begin XCConfigurationList section */
		499CD4412AC5B799001AE8D8 /* Build configuration list for PBXNativeTarget "Showcase" */ = {
			isa = XCConfigurationList;
			buildConfigurations = (
				499CD4422AC5B799001AE8D8 /* Debug */,
				499CD4432AC5B799001AE8D8 /* Release */,
			);
			defaultConfigurationIsVisible = 0;
			defaultConfigurationName = Release;
		};
		49F90C232A52156200F06D93 /* Build configuration list for PBXProject "Showcase" */ = {
			isa = XCConfigurationList;
			buildConfigurations = (
				49F90C4B2A52156300F06D93 /* Debug */,
				49F90C4C2A52156300F06D93 /* Release */,
			);
			defaultConfigurationIsVisible = 0;
			defaultConfigurationName = Release;
		};
/* End XCConfigurationList section */

/* Begin XCSwiftPackageProductDependency section */
		49231BAB2AC5BCEF00F98ADF /* ShowcaseApp */ = {
			isa = XCSwiftPackageProductDependency;
			productName = ShowcaseApp;
		};
/* End XCSwiftPackageProductDependency section */
	};
	rootObject = 49F90C202A52156200F06D93 /* Project object */;
}
