// !$*UTF8*$!
{
	archiveVersion = 1;
	classes = {
	};
	objectVersion = 56;
	objects = {

/* Begin PBXBuildFile section */
		49231BAC2AC5BCEF00F98ADF /* Showcase in Frameworks */ = {isa = PBXBuildFile; productRef = 49231BAB2AC5BCEF00F98ADF /* Showcase */; };
		49231BAD2AC5BCEF00F98ADF /* Showcase in Embed Frameworks */ = {isa = PBXBuildFile; productRef = 49231BAB2AC5BCEF00F98ADF /* Showcase */; settings = {ATTRIBUTES = (CodeSignOnCopy, ); }; };
		499CD43B2AC5B799001AE8D8 /* ShowcaseAppMain.swift in Sources */ = {isa = PBXBuildFile; fileRef = 49F90C2B2A52156200F06D93 /* ShowcaseAppMain.swift */; };
		499CD4402AC5B799001AE8D8 /* Assets.xcassets in Resources */ = {isa = PBXBuildFile; fileRef = 49F90C2F2A52156300F06D93 /* Assets.xcassets */; };
/* End PBXBuildFile section */

/* Begin PBXCopyFilesBuildPhase section */
		499CD44A2AC5B9C6001AE8D8 /* Embed Frameworks */ = {
			isa = PBXCopyFilesBuildPhase;
			buildActionMask = 2147483647;
			dstPath = "";
			dstSubfolderSpec = 10;
			files = (
				49231BAD2AC5BCEF00F98ADF /* Showcase in Embed Frameworks */,
			);
			name = "Embed Frameworks";
			runOnlyForDeploymentPostprocessing = 0;
		};
/* End PBXCopyFilesBuildPhase section */

/* Begin PBXFileReference section */
		493609562A6B7EAE00C401E2 /* Showcase */ = {isa = PBXFileReference; lastKnownFileType = wrapper; name = Showcase; path = .; sourceTree = "<group>"; };
		496EB72F2A6AE4DE00C1253B /* Showcase.xcconfig */ = {isa = PBXFileReference; lastKnownFileType = text.xcconfig; path = Showcase.xcconfig; sourceTree = "<group>"; };
		4990AB3B2A91AFC5005777FD /* XCTest.framework */ = {isa = PBXFileReference; lastKnownFileType = wrapper.framework; name = XCTest.framework; path = Platforms/MacOSX.platform/Developer/Library/Frameworks/XCTest.framework; sourceTree = DEVELOPER_DIR; };
		499CD4442AC5B799001AE8D8 /* ShowcaseApp.app */ = {isa = PBXFileReference; explicitFileType = wrapper.application; includeInIndex = 0; path = ShowcaseApp.app; sourceTree = BUILT_PRODUCTS_DIR; };
		49F90C2B2A52156200F06D93 /* ShowcaseAppMain.swift */ = {isa = PBXFileReference; lastKnownFileType = sourcecode.swift; name = ShowcaseAppMain.swift; path = Sources/ShowcaseApp/ShowcaseAppMain.swift; sourceTree = SOURCE_ROOT; };
		49F90C2F2A52156300F06D93 /* Assets.xcassets */ = {isa = PBXFileReference; lastKnownFileType = folder.assetcatalog; name = Assets.xcassets; path = Sources/Showcase/Skip/Assets.xcassets; sourceTree = "<group>"; };
		49F90C312A52156300F06D93 /* Capabilities.entitlements */ = {isa = PBXFileReference; lastKnownFileType = text.plist.entitlements; name = Capabilities.entitlements; path = Sources/Showcase/Skip/Capabilities.entitlements; sourceTree = "<group>"; };
/* End PBXFileReference section */

/* Begin PBXFrameworksBuildPhase section */
		499CD43C2AC5B799001AE8D8 /* Frameworks */ = {
			isa = PBXFrameworksBuildPhase;
			buildActionMask = 2147483647;
			files = (
				49231BAC2AC5BCEF00F98ADF /* Showcase in Frameworks */,
			);
			runOnlyForDeploymentPostprocessing = 0;
		};
/* End PBXFrameworksBuildPhase section */

/* Begin PBXGroup section */
		49429E532A61E02A00AA21A8 /* Frameworks */ = {
			isa = PBXGroup;
			children = (
				4990AB3B2A91AFC5005777FD /* XCTest.framework */,
			);
			name = Frameworks;
			sourceTree = "<group>";
		};
		49F90C1F2A52156200F06D93 = {
			isa = PBXGroup;
			children = (
				496EB72F2A6AE4DE00C1253B /* Showcase.xcconfig */,
				493609562A6B7EAE00C401E2 /* Showcase */,
				49F90C2A2A52156200F06D93 /* App */,
				49F90C292A52156200F06D93 /* Products */,
				49429E532A61E02A00AA21A8 /* Frameworks */,
			);
			sourceTree = "<group>";
		};
		49F90C292A52156200F06D93 /* Products */ = {
			isa = PBXGroup;
			children = (
				499CD4442AC5B799001AE8D8 /* ShowcaseApp.app */,
			);
			name = Products;
			sourceTree = "<group>";
		};
		49F90C2A2A52156200F06D93 /* App */ = {
			isa = PBXGroup;
			children = (
				49F90C2B2A52156200F06D93 /* ShowcaseAppMain.swift */,
				49F90C2F2A52156300F06D93 /* Assets.xcassets */,
				49F90C312A52156300F06D93 /* Capabilities.entitlements */,
			);
			name = App;
			sourceTree = "<group>";
		};
/* End PBXGroup section */

/* Begin PBXNativeTarget section */
		499CD4382AC5B799001AE8D8 /* ShowcaseApp */ = {
			isa = PBXNativeTarget;
			buildConfigurationList = 499CD4412AC5B799001AE8D8 /* Build configuration list for PBXNativeTarget "ShowcaseApp" */;
			buildPhases = (
				499CD43A2AC5B799001AE8D8 /* Sources */,
				499CD43C2AC5B799001AE8D8 /* Frameworks */,
				499CD43E2AC5B799001AE8D8 /* Resources */,
				499CD4452AC5B869001AE8D8 /* Build Android APK */,
				499CD4462AC5B86B001AE8D8 /* Launch Android APK */,
				499CD44A2AC5B9C6001AE8D8 /* Embed Frameworks */,
			);
			buildRules = (
			);
			dependencies = (
			);
			name = ShowcaseApp;
			packageProductDependencies = (
				49231BAB2AC5BCEF00F98ADF /* Showcase */,
			);
			productName = App;
			productReference = 499CD4442AC5B799001AE8D8 /* ShowcaseApp.app */;
			productType = "com.apple.product-type.application";
		};
/* End PBXNativeTarget section */

/* Begin PBXProject section */
		49F90C202A52156200F06D93 /* Project object */ = {
			isa = PBXProject;
			attributes = {
				BuildIndependentTargetsInParallel = 1;
				LastSwiftUpdateCheck = 1430;
				LastUpgradeCheck = 1500;
			};
			buildConfigurationList = 49F90C232A52156200F06D93 /* Build configuration list for PBXProject "Showcase" */;
			compatibilityVersion = "Xcode 14.0";
			developmentRegion = en;
			hasScannedForEncodings = 0;
			knownRegions = (
				en,
				Base,
			);
			mainGroup = 49F90C1F2A52156200F06D93;
			packageReferences = (
			);
			productRefGroup = 49F90C292A52156200F06D93 /* Products */;
			projectDirPath = "";
			projectRoot = "";
			targets = (
				499CD4382AC5B799001AE8D8 /* ShowcaseApp */,
			);
		};
/* End PBXProject section */

/* Begin PBXResourcesBuildPhase section */
		499CD43E2AC5B799001AE8D8 /* Resources */ = {
			isa = PBXResourcesBuildPhase;
			buildActionMask = 2147483647;
			files = (
				499CD4402AC5B799001AE8D8 /* Assets.xcassets in Resources */,
			);
			runOnlyForDeploymentPostprocessing = 0;
		};
/* End PBXResourcesBuildPhase section */

/* Begin PBXShellScriptBuildPhase section */
		499CD4452AC5B869001AE8D8 /* Build Android APK */ = {
			isa = PBXShellScriptBuildPhase;
			alwaysOutOfDate = 1;
			buildActionMask = 2147483647;
			files = (
			);
			inputFileListPaths = (
			);
			inputPaths = (
			);
			name = "Build Android APK";
			outputFileListPaths = (
			);
			outputPaths = (
			);
			runOnlyForDeploymentPostprocessing = 0;
			shellPath = "/bin/sh -e";
			shellScript = "if [ \"${SKIP_BUILD_APK}\" != \"YES\" -o \"${SKIP_ZERO}\" != \"\" ]; then\n  echo \"note: Not building apk due to SKIP_BUILD_APK setting\"\n  exit 0\nfi\n\nPROJECT=$(basename ${PROJECT_DIR})\nPLUGIN=${BUILD_ROOT}/../../SourcePackages/artifacts/skip/skip/skip.artifactbundle/macos\nPATH=${BUILD_ROOT}/Debug:${PLUGIN}:${PATH}:${HOMEBREW_PREFIX:-/opt/homebrew}/bin\nANDROID_HOME=${ANDROID_HOME:-${HOME}/Library/Android/sdk}\nSRCPKG=${BUILD_ROOT}/../../SourcePackages\necho \"note: Building APK for: ${PROJECT}\"\nwhich skip\nmkdir -p Skip/build/artifacts/\nskip gradle --package \"${PROJECT}\" --module ${PROJECT_NAME} assemble${CONFIGURATION}\ncd Skip/build/\nln -sfh ${SRCPKG}/plugins/*.output .\ncd artifacts/\nln -f ${SRCPKG}/plugins/*.output/*/skipstone/*/.build/*/outputs/apk/*/*.apk .\n";
		};
		499CD4462AC5B86B001AE8D8 /* Launch Android APK */ = {
			isa = PBXShellScriptBuildPhase;
			alwaysOutOfDate = 1;
			buildActionMask = 2147483647;
			files = (
			);
			inputFileListPaths = (
			);
			inputPaths = (
			);
			name = "Launch Android APK";
			outputFileListPaths = (
			);
			outputPaths = (
			);
			runOnlyForDeploymentPostprocessing = 0;
			shellPath = "/bin/sh -e";
			shellScript = "if [ \"${SKIP_LAUNCH_APK}\" != \"YES\" -o \"${SKIP_ZERO}\" != \"\" ]; then\n  echo \"note: Not launching apk due to SKIP_LAUNCH_APK setting\"\n  exit 0\nfi\n\nPROJECT=$(basename ${PROJECT_DIR})\nPLUGIN=${BUILD_ROOT}/../../SourcePackages/artifacts/skip/skip/skip.artifactbundle/macos\nPATH=${BUILD_ROOT}/Debug:${PLUGIN}:${PATH}:${HOMEBREW_PREFIX:-/opt/homebrew}/bin\nANDROID_HOME=${ANDROID_HOME:-${HOME}/Library/Android/sdk}\n\necho \"note: Running skip adb install\"\nskip adb install -t -r -d -g Skip/build/artifacts/${PROJECT_NAME}-${CONFIGURATION}.apk\necho \"note: Running skip adb am start-activity\"\nskip adb shell am start-activity -S -W -n ${PRODUCT_BUNDLE_IDENTIFIER}/${ANDROID_PACKAGE_NAME}.MainActivity\n";
		};
/* End PBXShellScriptBuildPhase section */

/* Begin PBXSourcesBuildPhase section */
		499CD43A2AC5B799001AE8D8 /* Sources */ = {
			isa = PBXSourcesBuildPhase;
			buildActionMask = 2147483647;
			files = (
				499CD43B2AC5B799001AE8D8 /* ShowcaseAppMain.swift in Sources */,
			);
			runOnlyForDeploymentPostprocessing = 0;
		};
/* End PBXSourcesBuildPhase section */

/* Begin XCBuildConfiguration section */
		491FCC8E2AD18D38002FB1E1 /* Skippy */ = {
			isa = XCBuildConfiguration;
			baseConfigurationReference = 496EB72F2A6AE4DE00C1253B /* Showcase.xcconfig */;
			buildSettings = {
				ALWAYS_SEARCH_USER_PATHS = NO;
				ASSETCATALOG_COMPILER_GENERATE_SWIFT_ASSET_SYMBOL_EXTENSIONS = YES;
				COPY_PHASE_STRIP = NO;
				DEBUG_INFORMATION_FORMAT = dwarf;
				ENABLE_BITCODE = NO;
				ENABLE_NS_ASSERTIONS = NO;
				ENABLE_STRICT_OBJC_MSGSEND = YES;
				ENABLE_USER_SCRIPT_SANDBOXING = NO;
				LOCALIZATION_PREFERS_STRING_CATALOGS = YES;
				MTL_ENABLE_DEBUG_INFO = NO;
				MTL_FAST_MATH = YES;
				SWIFT_COMPILATION_MODE = wholemodule;
			};
			name = Skippy;
		};
		491FCC8F2AD18D38002FB1E1 /* Skippy */ = {
			isa = XCBuildConfiguration;
			buildSettings = {
				ENABLE_PREVIEWS = YES;
				IPHONEOS_DEPLOYMENT_TARGET = 16.4;
				LD_RUNPATH_SEARCH_PATHS = "@executable_path/Frameworks";
				"LD_RUNPATH_SEARCH_PATHS[sdk=macosx*]" = "@executable_path/../Frameworks";
				MACOSX_DEPLOYMENT_TARGET = 13.4;
				PRODUCT_NAME = "$(TARGET_NAME)";
				SDKROOT = auto;
				SUPPORTED_PLATFORMS = "iphoneos iphonesimulator macosx";
				SWIFT_EMIT_LOC_STRINGS = YES;
				SWIFT_VERSION = 5.0;
				TARGETED_DEVICE_FAMILY = "1,2";
			};
			name = Skippy;
		};
		499CD4422AC5B799001AE8D8 /* Debug */ = {
			isa = XCBuildConfiguration;
			buildSettings = {
				ENABLE_PREVIEWS = YES;
				IPHONEOS_DEPLOYMENT_TARGET = 16.4;
				LD_RUNPATH_SEARCH_PATHS = "@executable_path/Frameworks";
				"LD_RUNPATH_SEARCH_PATHS[sdk=macosx*]" = "@executable_path/../Frameworks";
				MACOSX_DEPLOYMENT_TARGET = 13.4;
				PRODUCT_NAME = "$(TARGET_NAME)";
				SDKROOT = auto;
				SUPPORTED_PLATFORMS = "iphoneos iphonesimulator macosx";
				SWIFT_EMIT_LOC_STRINGS = YES;
				SWIFT_VERSION = 5.0;
				TARGETED_DEVICE_FAMILY = "1,2";
			};
			name = Debug;
		};
		499CD4432AC5B799001AE8D8 /* Release */ = {
			isa = XCBuildConfiguration;
			buildSettings = {
				ENABLE_PREVIEWS = YES;
				IPHONEOS_DEPLOYMENT_TARGET = 16.4;
				LD_RUNPATH_SEARCH_PATHS = "@executable_path/Frameworks";
				"LD_RUNPATH_SEARCH_PATHS[sdk=macosx*]" = "@executable_path/../Frameworks";
				MACOSX_DEPLOYMENT_TARGET = 13.4;
				PRODUCT_NAME = "$(TARGET_NAME)";
				SDKROOT = auto;
				SUPPORTED_PLATFORMS = "iphoneos iphonesimulator macosx";
				SWIFT_EMIT_LOC_STRINGS = YES;
				SWIFT_VERSION = 5.0;
				TARGETED_DEVICE_FAMILY = "1,2";
			};
			name = Release;
		};
		49F90C4B2A52156300F06D93 /* Debug */ = {
			isa = XCBuildConfiguration;
			baseConfigurationReference = 496EB72F2A6AE4DE00C1253B /* Showcase.xcconfig */;
			buildSettings = {
				ALWAYS_SEARCH_USER_PATHS = NO;
				ASSETCATALOG_COMPILER_GENERATE_SWIFT_ASSET_SYMBOL_EXTENSIONS = YES;
				COPY_PHASE_STRIP = NO;
				DEBUG_INFORMATION_FORMAT = dwarf;
				ENABLE_BITCODE = NO;
				ENABLE_STRICT_OBJC_MSGSEND = YES;
				ENABLE_TESTABILITY = YES;
				ENABLE_USER_SCRIPT_SANDBOXING = NO;
				LOCALIZATION_PREFERS_STRING_CATALOGS = YES;
				MTL_ENABLE_DEBUG_INFO = INCLUDE_SOURCE;
				MTL_FAST_MATH = YES;
				ONLY_ACTIVE_ARCH = YES;
				SWIFT_ACTIVE_COMPILATION_CONDITIONS = "DEBUG $(inherited)";
				SWIFT_OPTIMIZATION_LEVEL = "-Onone";
			};
			name = Debug;
		};
		49F90C4C2A52156300F06D93 /* Release */ = {
			isa = XCBuildConfiguration;
			baseConfigurationReference = 496EB72F2A6AE4DE00C1253B /* Showcase.xcconfig */;
			buildSettings = {
				ALWAYS_SEARCH_USER_PATHS = NO;
				ASSETCATALOG_COMPILER_GENERATE_SWIFT_ASSET_SYMBOL_EXTENSIONS = YES;
				COPY_PHASE_STRIP = NO;
				DEBUG_INFORMATION_FORMAT = dwarf;
				ENABLE_BITCODE = NO;
				ENABLE_NS_ASSERTIONS = NO;
				ENABLE_STRICT_OBJC_MSGSEND = YES;
				ENABLE_USER_SCRIPT_SANDBOXING = NO;
				LOCALIZATION_PREFERS_STRING_CATALOGS = YES;
				MTL_ENABLE_DEBUG_INFO = NO;
				MTL_FAST_MATH = YES;
				SWIFT_COMPILATION_MODE = wholemodule;
			};
			name = Release;
		};
/* End XCBuildConfiguration section */

/* Begin XCConfigurationList section */
		499CD4412AC5B799001AE8D8 /* Build configuration list for PBXNativeTarget "ShowcaseApp" */ = {
			isa = XCConfigurationList;
			buildConfigurations = (
				499CD4422AC5B799001AE8D8 /* Debug */,
				499CD4432AC5B799001AE8D8 /* Release */,
				491FCC8F2AD18D38002FB1E1 /* Skippy */,
			);
			defaultConfigurationIsVisible = 0;
			defaultConfigurationName = Release;
		};
		49F90C232A52156200F06D93 /* Build configuration list for PBXProject "Showcase" */ = {
			isa = XCConfigurationList;
			buildConfigurations = (
				49F90C4B2A52156300F06D93 /* Debug */,
				49F90C4C2A52156300F06D93 /* Release */,
				491FCC8E2AD18D38002FB1E1 /* Skippy */,
			);
			defaultConfigurationIsVisible = 0;
			defaultConfigurationName = Release;
		};
/* End XCConfigurationList section */

/* Begin XCSwiftPackageProductDependency section */
		49231BAB2AC5BCEF00F98ADF /* Showcase */ = {
			isa = XCSwiftPackageProductDependency;
			productName = Showcase;
		};
/* End XCSwiftPackageProductDependency section */
	};
	rootObject = 49F90C202A52156200F06D93 /* Project object */;
}
