// !$*UTF8*$!
{
	archiveVersion = 1;
	classes = {
	};
	objectVersion = 56;
	objects = {

/* Begin PBXBuildFile section */
		49231BAC2AC5BCEF00F98ADF /* PlaygroundApp in Frameworks */ = {isa = PBXBuildFile; productRef = 49231BAB2AC5BCEF00F98ADF /* PlaygroundApp */; };
		49231BAD2AC5BCEF00F98ADF /* PlaygroundApp in Embed Frameworks */ = {isa = PBXBuildFile; productRef = 49231BAB2AC5BCEF00F98ADF /* PlaygroundApp */; settings = {ATTRIBUTES = (CodeSignOnCopy, ); }; };
		499CD43B2AC5B799001AE8D8 /* AppMain.swift in Sources */ = {isa = PBXBuildFile; fileRef = 49F90C2B2A52156200F06D93 /* AppMain.swift */; };
		499CD43F2AC5B799001AE8D8 /* Preview Assets.xcassets in Resources */ = {isa = PBXBuildFile; fileRef = 49F90C332A52156300F06D93 /* Preview Assets.xcassets */; };
		499CD4402AC5B799001AE8D8 /* Assets.xcassets in Resources */ = {isa = PBXBuildFile; fileRef = 49F90C2F2A52156300F06D93 /* Assets.xcassets */; };
		49A79E292AC6747500C307B2 /* PlaygroundApp in Frameworks */ = {isa = PBXBuildFile; productRef = 49A79E282AC6747500C307B2 /* PlaygroundApp */; };
		49A79E2A2AC6747500C307B2 /* PlaygroundApp in Embed Frameworks */ = {isa = PBXBuildFile; productRef = 49A79E282AC6747500C307B2 /* PlaygroundApp */; settings = {ATTRIBUTES = (CodeSignOnCopy, ); }; };
		49F90C2C2A52156200F06D93 /* AppMain.swift in Sources */ = {isa = PBXBuildFile; fileRef = 49F90C2B2A52156200F06D93 /* AppMain.swift */; };
		49F90C302A52156300F06D93 /* Assets.xcassets in Resources */ = {isa = PBXBuildFile; fileRef = 49F90C2F2A52156300F06D93 /* Assets.xcassets */; };
		49F90C342A52156300F06D93 /* Preview Assets.xcassets in Resources */ = {isa = PBXBuildFile; fileRef = 49F90C332A52156300F06D93 /* Preview Assets.xcassets */; };
/* End PBXBuildFile section */

/* Begin PBXCopyFilesBuildPhase section */
		49231BA72AC5BBB700F98ADF /* Embed Frameworks */ = {
			isa = PBXCopyFilesBuildPhase;
			buildActionMask = 2147483647;
			dstPath = "";
			dstSubfolderSpec = 10;
			files = (
				49A79E2A2AC6747500C307B2 /* PlaygroundApp in Embed Frameworks */,
			);
			name = "Embed Frameworks";
			runOnlyForDeploymentPostprocessing = 0;
		};
		499CD44A2AC5B9C6001AE8D8 /* Embed Frameworks */ = {
			isa = PBXCopyFilesBuildPhase;
			buildActionMask = 2147483647;
			dstPath = "";
			dstSubfolderSpec = 10;
			files = (
				49231BAD2AC5BCEF00F98ADF /* PlaygroundApp in Embed Frameworks */,
			);
			name = "Embed Frameworks";
			runOnlyForDeploymentPostprocessing = 0;
		};
/* End PBXCopyFilesBuildPhase section */

/* Begin PBXFileReference section */
		493609562A6B7EAE00C401E2 /* AppModule */ = {isa = PBXFileReference; lastKnownFileType = wrapper; name = AppModule; path = .; sourceTree = "<group>"; };
		496EB72F2A6AE4DE00C1253B /* App.xcconfig */ = {isa = PBXFileReference; lastKnownFileType = text.xcconfig; path = App.xcconfig; sourceTree = "<group>"; };
		4990AB3B2A91AFC5005777FD /* XCTest.framework */ = {isa = PBXFileReference; lastKnownFileType = wrapper.framework; name = XCTest.framework; path = Platforms/MacOSX.platform/Developer/Library/Frameworks/XCTest.framework; sourceTree = DEVELOPER_DIR; };
		499CD4442AC5B799001AE8D8 /* App+.app */ = {isa = PBXFileReference; explicitFileType = wrapper.application; includeInIndex = 0; path = "App+.app"; sourceTree = BUILT_PRODUCTS_DIR; };
		49F90C282A52156200F06D93 /* SkipPlayground.app */ = {isa = PBXFileReference; explicitFileType = wrapper.application; includeInIndex = 0; path = SkipPlayground.app; sourceTree = BUILT_PRODUCTS_DIR; };
		49F90C2B2A52156200F06D93 /* AppMain.swift */ = {isa = PBXFileReference; lastKnownFileType = sourcecode.swift; name = AppMain.swift; path = Sources/App/AppMain.swift; sourceTree = SOURCE_ROOT; };
		49F90C2F2A52156300F06D93 /* Assets.xcassets */ = {isa = PBXFileReference; lastKnownFileType = folder.assetcatalog; name = Assets.xcassets; path = Sources/App/Assets.xcassets; sourceTree = "<group>"; };
		49F90C312A52156300F06D93 /* App.entitlements */ = {isa = PBXFileReference; lastKnownFileType = text.plist.entitlements; name = App.entitlements; path = Sources/App/App.entitlements; sourceTree = "<group>"; };
		49F90C332A52156300F06D93 /* Preview Assets.xcassets */ = {isa = PBXFileReference; lastKnownFileType = folder.assetcatalog; path = "Preview Assets.xcassets"; sourceTree = "<group>"; };
/* End PBXFileReference section */

/* Begin PBXFrameworksBuildPhase section */
		499CD43C2AC5B799001AE8D8 /* Frameworks */ = {
			isa = PBXFrameworksBuildPhase;
			buildActionMask = 2147483647;
			files = (
				49231BAC2AC5BCEF00F98ADF /* PlaygroundApp in Frameworks */,
			);
			runOnlyForDeploymentPostprocessing = 0;
		};
		49F90C252A52156200F06D93 /* Frameworks */ = {
			isa = PBXFrameworksBuildPhase;
			buildActionMask = 2147483647;
			files = (
				49A79E292AC6747500C307B2 /* PlaygroundApp in Frameworks */,
			);
			runOnlyForDeploymentPostprocessing = 0;
		};
/* End PBXFrameworksBuildPhase section */

/* Begin PBXGroup section */
		49429E532A61E02A00AA21A8 /* Frameworks */ = {
			isa = PBXGroup;
			children = (
				4990AB3B2A91AFC5005777FD /* XCTest.framework */,
			);
			name = Frameworks;
			sourceTree = "<group>";
		};
		49F90C1F2A52156200F06D93 = {
			isa = PBXGroup;
			children = (
				496EB72F2A6AE4DE00C1253B /* App.xcconfig */,
				493609562A6B7EAE00C401E2 /* AppModule */,
				49F90C2A2A52156200F06D93 /* App */,
				49F90C292A52156200F06D93 /* Products */,
				49429E532A61E02A00AA21A8 /* Frameworks */,
			);
			sourceTree = "<group>";
		};
		49F90C292A52156200F06D93 /* Products */ = {
			isa = PBXGroup;
			children = (
				49F90C282A52156200F06D93 /* SkipPlayground.app */,
				499CD4442AC5B799001AE8D8 /* App+.app */,
			);
			name = Products;
			sourceTree = "<group>";
		};
		49F90C2A2A52156200F06D93 /* App */ = {
			isa = PBXGroup;
			children = (
				49F90C2B2A52156200F06D93 /* AppMain.swift */,
				49F90C2F2A52156300F06D93 /* Assets.xcassets */,
				49F90C312A52156300F06D93 /* App.entitlements */,
				49F90C322A52156300F06D93 /* Preview Content */,
			);
			name = App;
			sourceTree = "<group>";
		};
		49F90C322A52156300F06D93 /* Preview Content */ = {
			isa = PBXGroup;
			children = (
				49F90C332A52156300F06D93 /* Preview Assets.xcassets */,
			);
			name = "Preview Content";
			path = "Sources/App/Preview Content";
			sourceTree = "<group>";
		};
/* End PBXGroup section */

/* Begin PBXNativeTarget section */
		499CD4382AC5B799001AE8D8 /* App+ */ = {
			isa = PBXNativeTarget;
			buildConfigurationList = 499CD4412AC5B799001AE8D8 /* Build configuration list for PBXNativeTarget "App+" */;
			buildPhases = (
				499CD43A2AC5B799001AE8D8 /* Sources */,
				499CD43C2AC5B799001AE8D8 /* Frameworks */,
				499CD43E2AC5B799001AE8D8 /* Resources */,
				499CD4452AC5B869001AE8D8 /* Build Android APK */,
				499CD4462AC5B86B001AE8D8 /* Launch Android APK */,
				499CD44A2AC5B9C6001AE8D8 /* Embed Frameworks */,
			);
			buildRules = (
			);
			dependencies = (
			);
			name = "App+";
			packageProductDependencies = (
				49231BAB2AC5BCEF00F98ADF /* PlaygroundApp */,
			);
			productName = App;
			productReference = 499CD4442AC5B799001AE8D8 /* App+.app */;
			productType = "com.apple.product-type.application";
		};
		49F90C272A52156200F06D93 /* App */ = {
			isa = PBXNativeTarget;
			buildConfigurationList = 49F90C4D2A52156300F06D93 /* Build configuration list for PBXNativeTarget "App" */;
			buildPhases = (
				49A79E312AC67A3300C307B2 /* Enable Skippy */,
				49F90C242A52156200F06D93 /* Sources */,
				49F90C252A52156200F06D93 /* Frameworks */,
				49F90C262A52156200F06D93 /* Resources */,
				49231BA72AC5BBB700F98ADF /* Embed Frameworks */,
			);
			buildRules = (
			);
			dependencies = (
			);
			name = App;
			packageProductDependencies = (
				49A79E282AC6747500C307B2 /* PlaygroundApp */,
			);
			productName = App;
			productReference = 49F90C282A52156200F06D93 /* SkipPlayground.app */;
			productType = "com.apple.product-type.application";
		};
/* End PBXNativeTarget section */

/* Begin PBXProject section */
		49F90C202A52156200F06D93 /* Project object */ = {
			isa = PBXProject;
			attributes = {
				BuildIndependentTargetsInParallel = 1;
				LastSwiftUpdateCheck = 1430;
				LastUpgradeCheck = 1500;
				TargetAttributes = {
					49F90C272A52156200F06D93 = {
						CreatedOnToolsVersion = 15.0;
					};
				};
			};
			buildConfigurationList = 49F90C232A52156200F06D93 /* Build configuration list for PBXProject "PlaygroundApp" */;
			compatibilityVersion = "Xcode 14.0";
			developmentRegion = en;
			hasScannedForEncodings = 0;
			knownRegions = (
				en,
				Base,
			);
			mainGroup = 49F90C1F2A52156200F06D93;
			packageReferences = (
			);
			productRefGroup = 49F90C292A52156200F06D93 /* Products */;
			projectDirPath = "";
			projectRoot = "";
			targets = (
				49F90C272A52156200F06D93 /* App */,
				499CD4382AC5B799001AE8D8 /* App+ */,
			);
		};
/* End PBXProject section */

/* Begin PBXResourcesBuildPhase section */
		499CD43E2AC5B799001AE8D8 /* Resources */ = {
			isa = PBXResourcesBuildPhase;
			buildActionMask = 2147483647;
			files = (
				499CD43F2AC5B799001AE8D8 /* Preview Assets.xcassets in Resources */,
				499CD4402AC5B799001AE8D8 /* Assets.xcassets in Resources */,
			);
			runOnlyForDeploymentPostprocessing = 0;
		};
		49F90C262A52156200F06D93 /* Resources */ = {
			isa = PBXResourcesBuildPhase;
			buildActionMask = 2147483647;
			files = (
				49F90C342A52156300F06D93 /* Preview Assets.xcassets in Resources */,
				49F90C302A52156300F06D93 /* Assets.xcassets in Resources */,
			);
			runOnlyForDeploymentPostprocessing = 0;
		};
/* End PBXResourcesBuildPhase section */

/* Begin PBXShellScriptBuildPhase section */
		499CD4452AC5B869001AE8D8 /* Build Android APK */ = {
			isa = PBXShellScriptBuildPhase;
			alwaysOutOfDate = 1;
			buildActionMask = 2147483647;
			files = (
			);
			inputFileListPaths = (
			);
			inputPaths = (
			);
			name = "Build Android APK";
			outputFileListPaths = (
			);
			outputPaths = (
			);
			runOnlyForDeploymentPostprocessing = 0;
			shellPath = "/bin/sh -e";
			shellScript = "if [ \"${SKIP_BUILD_APK}\" != \"YES\" ]; then\n  echo \"note: Not building apk due to SKIP_BUILD_APK setting\"\n  exit 0\nfi\n\nPLUGIN=${BUILD_ROOT}/../../SourcePackages/artifacts/skip/skip/skip.artifactbundle/macos\nPATH=${BUILD_ROOT}/Debug:${PLUGIN}:${PATH}:${HOMEBREW_PREFIX:-/opt/homebrew}/bin\nPROJECT=$(basename ${PROJECT_DIR})\nSRCPKG=${BUILD_ROOT}/../../SourcePackages\necho \"note: Building APK for: ${PROJECT}\"\nexport ANDROID_HOME=${ANDROID_HOME:-${HOME}/Library/Android/sdk}\nwhich skip\nmkdir -p Skip/build/artifacts/\nskip gradle --package \"${PROJECT}\" --module ${PROJECT_NAME}UI assemble${CONFIGURATION}\ncd Skip/build/\nln -sfh ${SRCPKG}/plugins/*.output .\ncd artifacts/\n#ln -f ${SRCPKG}/plugins/*.output/*/skipstone/*/build/outputs/apk/*/*.apk .\nln -f ${SRCPKG}/plugins/*.output/*/skipstone/*/.build/*/outputs/apk/*/*.apk .\n\n# this is the expected output file, so ensure that it exists\nls -lah ${SRCROOT}/Skip/build/artifacts/${PROJECT_NAME}UI-${CONFIGURATION}.apk\n";
		};
		499CD4462AC5B86B001AE8D8 /* Launch Android APK */ = {
			isa = PBXShellScriptBuildPhase;
			alwaysOutOfDate = 1;
			buildActionMask = 2147483647;
			files = (
			);
			inputFileListPaths = (
			);
			inputPaths = (
			);
			name = "Launch Android APK";
			outputFileListPaths = (
			);
			outputPaths = (
			);
			runOnlyForDeploymentPostprocessing = 0;
			shellPath = "/bin/sh -e";
			shellScript = "if [ \"${SKIP_LAUNCH_APK}\" != \"YES\" ]; then\n  echo \"note: Not launching apk due to SKIP_LAUNCH_APK setting\"\n  exit 0\nfi\n\nPLUGIN=${BUILD_ROOT}/../../SourcePackages/artifacts/skip/skip/skip.artifactbundle/macos\nPATH=${BUILD_ROOT}/Debug:${PLUGIN}:${PATH}:${HOMEBREW_PREFIX:-/opt/homebrew}/bin\necho \"note: Running skip adb install\"\nskip adb install -t -r -d -g Skip/build/artifacts/${PROJECT_NAME}UI-${CONFIGURATION}.apk\necho \"note: Running skip adb am start-activity\"\nskip adb shell am start-activity -S -W -n ${PRODUCT_BUNDLE_IDENTIFIER}/.MainActivity\n";
		};
		49A79E312AC67A3300C307B2 /* Enable Skippy */ = {
			isa = PBXShellScriptBuildPhase;
			alwaysOutOfDate = 1;
			buildActionMask = 2147483647;
			files = (
			);
			inputFileListPaths = (
			);
			inputPaths = (
			);
			name = "Enable Skippy";
			outputFileListPaths = (
			);
			outputPaths = (
			);
			runOnlyForDeploymentPostprocessing = 0;
			shellPath = "/bin/sh -e";
			shellScript = "env
";
		};
/* End PBXShellScriptBuildPhase section */

/* Begin PBXSourcesBuildPhase section */
		499CD43A2AC5B799001AE8D8 /* Sources */ = {
			isa = PBXSourcesBuildPhase;
			buildActionMask = 2147483647;
			files = (
				499CD43B2AC5B799001AE8D8 /* AppMain.swift in Sources */,
			);
			runOnlyForDeploymentPostprocessing = 0;
		};
		49F90C242A52156200F06D93 /* Sources */ = {
			isa = PBXSourcesBuildPhase;
			buildActionMask = 2147483647;
			files = (
				49F90C2C2A52156200F06D93 /* AppMain.swift in Sources */,
			);
			runOnlyForDeploymentPostprocessing = 0;
		};
/* End PBXSourcesBuildPhase section */

/* Begin XCBuildConfiguration section */
		499CD4422AC5B799001AE8D8 /* Debug */ = {
			isa = XCBuildConfiguration;
			buildSettings = {
				ASSETCATALOG_COMPILER_APPICON_NAME = AppIcon;
				ASSETCATALOG_COMPILER_GLOBAL_ACCENT_COLOR_NAME = AccentColor;
				CODE_SIGN_ENTITLEMENTS = Sources/App/App.entitlements;
				CODE_SIGN_STYLE = Automatic;
				DEVELOPMENT_ASSET_PATHS = "\"Sources/App/Preview Content\"";
				ENABLE_PREVIEWS = YES;
				GENERATE_INFOPLIST_FILE = YES;
				IPHONEOS_DEPLOYMENT_TARGET = 16.4;
				LD_RUNPATH_SEARCH_PATHS = "@executable_path/Frameworks";
				"LD_RUNPATH_SEARCH_PATHS[sdk=macosx*]" = "@executable_path/../Frameworks";
				MACOSX_DEPLOYMENT_TARGET = 13.4;
				PRODUCT_NAME = "$(TARGET_NAME)";
				SDKROOT = auto;
				SUPPORTED_PLATFORMS = "iphoneos iphonesimulator macosx";
				SWIFT_EMIT_LOC_STRINGS = YES;
				SWIFT_VERSION = 5.0;
				TARGETED_DEVICE_FAMILY = "1,2";
			};
			name = Debug;
		};
		499CD4432AC5B799001AE8D8 /* Release */ = {
			isa = XCBuildConfiguration;
			buildSettings = {
				ASSETCATALOG_COMPILER_APPICON_NAME = AppIcon;
				ASSETCATALOG_COMPILER_GLOBAL_ACCENT_COLOR_NAME = AccentColor;
				CODE_SIGN_ENTITLEMENTS = Sources/App/App.entitlements;
				CODE_SIGN_STYLE = Automatic;
				DEVELOPMENT_ASSET_PATHS = "\"Sources/App/Preview Content\"";
				ENABLE_PREVIEWS = YES;
				GENERATE_INFOPLIST_FILE = YES;
				IPHONEOS_DEPLOYMENT_TARGET = 16.4;
				LD_RUNPATH_SEARCH_PATHS = "@executable_path/Frameworks";
				"LD_RUNPATH_SEARCH_PATHS[sdk=macosx*]" = "@executable_path/../Frameworks";
				MACOSX_DEPLOYMENT_TARGET = 13.4;
				PRODUCT_NAME = "$(TARGET_NAME)";
				SDKROOT = auto;
				SUPPORTED_PLATFORMS = "iphoneos iphonesimulator macosx";
				SWIFT_EMIT_LOC_STRINGS = YES;
				SWIFT_VERSION = 5.0;
				TARGETED_DEVICE_FAMILY = "1,2";
			};
			name = Release;
		};
		49F90C4B2A52156300F06D93 /* Debug */ = {
			isa = XCBuildConfiguration;
			baseConfigurationReference = 496EB72F2A6AE4DE00C1253B /* App.xcconfig */;
			buildSettings = {
				ALWAYS_SEARCH_USER_PATHS = NO;
				ASSETCATALOG_COMPILER_GENERATE_SWIFT_ASSET_SYMBOL_EXTENSIONS = YES;
				CLANG_ANALYZER_NONNULL = YES;
				CLANG_ANALYZER_NUMBER_OBJECT_CONVERSION = YES_AGGRESSIVE;
				CLANG_CXX_LANGUAGE_STANDARD = "gnu++20";
				CLANG_ENABLE_MODULES = YES;
				CLANG_ENABLE_OBJC_ARC = YES;
				CLANG_ENABLE_OBJC_WEAK = YES;
				CLANG_WARN_BLOCK_CAPTURE_AUTORELEASING = YES;
				CLANG_WARN_BOOL_CONVERSION = YES;
				CLANG_WARN_COMMA = YES;
				CLANG_WARN_CONSTANT_CONVERSION = YES;
				CLANG_WARN_DEPRECATED_OBJC_IMPLEMENTATIONS = YES;
				CLANG_WARN_DIRECT_OBJC_ISA_USAGE = YES_ERROR;
				CLANG_WARN_DOCUMENTATION_COMMENTS = YES;
				CLANG_WARN_EMPTY_BODY = YES;
				CLANG_WARN_ENUM_CONVERSION = YES;
				CLANG_WARN_INFINITE_RECURSION = YES;
				CLANG_WARN_INT_CONVERSION = YES;
				CLANG_WARN_NON_LITERAL_NULL_CONVERSION = YES;
				CLANG_WARN_OBJC_IMPLICIT_RETAIN_SELF = YES;
				CLANG_WARN_OBJC_LITERAL_CONVERSION = YES;
				CLANG_WARN_OBJC_ROOT_CLASS = YES_ERROR;
				CLANG_WARN_QUOTED_INCLUDE_IN_FRAMEWORK_HEADER = YES;
				CLANG_WARN_RANGE_LOOP_ANALYSIS = YES;
				CLANG_WARN_STRICT_PROTOTYPES = YES;
				CLANG_WARN_SUSPICIOUS_MOVE = YES;
				CLANG_WARN_UNGUARDED_AVAILABILITY = YES_AGGRESSIVE;
				CLANG_WARN_UNREACHABLE_CODE = YES;
				CLANG_WARN__DUPLICATE_METHOD_MATCH = YES;
				COPY_PHASE_STRIP = NO;
				DEBUG_INFORMATION_FORMAT = dwarf;
				ENABLE_STRICT_OBJC_MSGSEND = YES;
				ENABLE_TESTABILITY = YES;
				ENABLE_USER_SCRIPT_SANDBOXING = NO;
				GCC_C_LANGUAGE_STANDARD = gnu17;
				GCC_DYNAMIC_NO_PIC = NO;
				GCC_NO_COMMON_BLOCKS = YES;
				GCC_OPTIMIZATION_LEVEL = 0;
				GCC_PREPROCESSOR_DEFINITIONS = (
					"DEBUG=1",
					"$(inherited)",
				);
				GCC_WARN_64_TO_32_BIT_CONVERSION = YES;
				GCC_WARN_ABOUT_RETURN_TYPE = YES_ERROR;
				GCC_WARN_UNDECLARED_SELECTOR = YES;
				GCC_WARN_UNINITIALIZED_AUTOS = YES_AGGRESSIVE;
				GCC_WARN_UNUSED_FUNCTION = YES;
				GCC_WARN_UNUSED_VARIABLE = YES;
				LOCALIZATION_PREFERS_STRING_CATALOGS = YES;
				MTL_ENABLE_DEBUG_INFO = INCLUDE_SOURCE;
				MTL_FAST_MATH = YES;
				ONLY_ACTIVE_ARCH = YES;
				SWIFT_ACTIVE_COMPILATION_CONDITIONS = "DEBUG $(inherited)";
				SWIFT_OPTIMIZATION_LEVEL = "-Onone";
			};
			name = Debug;
		};
		49F90C4C2A52156300F06D93 /* Release */ = {
			isa = XCBuildConfiguration;
			baseConfigurationReference = 496EB72F2A6AE4DE00C1253B /* App.xcconfig */;
			buildSettings = {
				ALWAYS_SEARCH_USER_PATHS = NO;
				ASSETCATALOG_COMPILER_GENERATE_SWIFT_ASSET_SYMBOL_EXTENSIONS = YES;
				CLANG_ANALYZER_NONNULL = YES;
				CLANG_ANALYZER_NUMBER_OBJECT_CONVERSION = YES_AGGRESSIVE;
				CLANG_CXX_LANGUAGE_STANDARD = "gnu++20";
				CLANG_ENABLE_MODULES = YES;
				CLANG_ENABLE_OBJC_ARC = YES;
				CLANG_ENABLE_OBJC_WEAK = YES;
				CLANG_WARN_BLOCK_CAPTURE_AUTORELEASING = YES;
				CLANG_WARN_BOOL_CONVERSION = YES;
				CLANG_WARN_COMMA = YES;
				CLANG_WARN_CONSTANT_CONVERSION = YES;
				CLANG_WARN_DEPRECATED_OBJC_IMPLEMENTATIONS = YES;
				CLANG_WARN_DIRECT_OBJC_ISA_USAGE = YES_ERROR;
				CLANG_WARN_DOCUMENTATION_COMMENTS = YES;
				CLANG_WARN_EMPTY_BODY = YES;
				CLANG_WARN_ENUM_CONVERSION = YES;
				CLANG_WARN_INFINITE_RECURSION = YES;
				CLANG_WARN_INT_CONVERSION = YES;
				CLANG_WARN_NON_LITERAL_NULL_CONVERSION = YES;
				CLANG_WARN_OBJC_IMPLICIT_RETAIN_SELF = YES;
				CLANG_WARN_OBJC_LITERAL_CONVERSION = YES;
				CLANG_WARN_OBJC_ROOT_CLASS = YES_ERROR;
				CLANG_WARN_QUOTED_INCLUDE_IN_FRAMEWORK_HEADER = YES;
				CLANG_WARN_RANGE_LOOP_ANALYSIS = YES;
				CLANG_WARN_STRICT_PROTOTYPES = YES;
				CLANG_WARN_SUSPICIOUS_MOVE = YES;
				CLANG_WARN_UNGUARDED_AVAILABILITY = YES_AGGRESSIVE;
				CLANG_WARN_UNREACHABLE_CODE = YES;
				CLANG_WARN__DUPLICATE_METHOD_MATCH = YES;
				COPY_PHASE_STRIP = NO;
				DEBUG_INFORMATION_FORMAT = "dwarf-with-dsym";
				ENABLE_NS_ASSERTIONS = NO;
				ENABLE_STRICT_OBJC_MSGSEND = YES;
				ENABLE_USER_SCRIPT_SANDBOXING = NO;
				GCC_C_LANGUAGE_STANDARD = gnu17;
				GCC_NO_COMMON_BLOCKS = YES;
				GCC_WARN_64_TO_32_BIT_CONVERSION = YES;
				GCC_WARN_ABOUT_RETURN_TYPE = YES_ERROR;
				GCC_WARN_UNDECLARED_SELECTOR = YES;
				GCC_WARN_UNINITIALIZED_AUTOS = YES_AGGRESSIVE;
				GCC_WARN_UNUSED_FUNCTION = YES;
				GCC_WARN_UNUSED_VARIABLE = YES;
				LOCALIZATION_PREFERS_STRING_CATALOGS = YES;
				MTL_ENABLE_DEBUG_INFO = NO;
				MTL_FAST_MATH = YES;
				SWIFT_COMPILATION_MODE = wholemodule;
			};
			name = Release;
		};
		49F90C4E2A52156300F06D93 /* Debug */ = {
			isa = XCBuildConfiguration;
			buildSettings = {
				ASSETCATALOG_COMPILER_APPICON_NAME = AppIcon;
				ASSETCATALOG_COMPILER_GLOBAL_ACCENT_COLOR_NAME = AccentColor;
				CODE_SIGN_ENTITLEMENTS = Sources/App/App.entitlements;
				CODE_SIGN_STYLE = Automatic;
				DEVELOPMENT_ASSET_PATHS = "\"Sources/App/Preview Content\"";
				ENABLE_PREVIEWS = YES;
				GENERATE_INFOPLIST_FILE = YES;
				IPHONEOS_DEPLOYMENT_TARGET = 16.4;
				LD_RUNPATH_SEARCH_PATHS = "@executable_path/Frameworks";
				"LD_RUNPATH_SEARCH_PATHS[sdk=macosx*]" = "@executable_path/../Frameworks";
				MACOSX_DEPLOYMENT_TARGET = 13.4;
				SDKROOT = auto;
				SUPPORTED_PLATFORMS = "iphoneos iphonesimulator macosx";
				SUPPORTS_MACCATALYST = NO;
				SUPPORTS_MAC_DESIGNED_FOR_IPHONE_IPAD = NO;
				SWIFT_EMIT_LOC_STRINGS = YES;
				SWIFT_VERSION = 5.0;
				TARGETED_DEVICE_FAMILY = "1,2";
			};
			name = Debug;
		};
		49F90C4F2A52156300F06D93 /* Release */ = {
			isa = XCBuildConfiguration;
			buildSettings = {
				ASSETCATALOG_COMPILER_APPICON_NAME = AppIcon;
				ASSETCATALOG_COMPILER_GLOBAL_ACCENT_COLOR_NAME = AccentColor;
				CODE_SIGN_ENTITLEMENTS = Sources/App/App.entitlements;
				CODE_SIGN_STYLE = Automatic;
				DEVELOPMENT_ASSET_PATHS = "\"Sources/App/Preview Content\"";
				ENABLE_PREVIEWS = YES;
				GENERATE_INFOPLIST_FILE = YES;
				IPHONEOS_DEPLOYMENT_TARGET = 16.4;
				LD_RUNPATH_SEARCH_PATHS = "@executable_path/Frameworks";
				"LD_RUNPATH_SEARCH_PATHS[sdk=macosx*]" = "@executable_path/../Frameworks";
				MACOSX_DEPLOYMENT_TARGET = 13.4;
				SDKROOT = auto;
				SUPPORTED_PLATFORMS = "iphoneos iphonesimulator macosx";
				SUPPORTS_MACCATALYST = NO;
				SUPPORTS_MAC_DESIGNED_FOR_IPHONE_IPAD = NO;
				SWIFT_EMIT_LOC_STRINGS = YES;
				SWIFT_VERSION = 5.0;
				TARGETED_DEVICE_FAMILY = "1,2";
			};
			name = Release;
		};
/* End XCBuildConfiguration section */

/* Begin XCConfigurationList section */
		499CD4412AC5B799001AE8D8 /* Build configuration list for PBXNativeTarget "App+" */ = {
			isa = XCConfigurationList;
			buildConfigurations = (
				499CD4422AC5B799001AE8D8 /* Debug */,
				499CD4432AC5B799001AE8D8 /* Release */,
			);
			defaultConfigurationIsVisible = 0;
			defaultConfigurationName = Release;
		};
		49F90C232A52156200F06D93 /* Build configuration list for PBXProject "PlaygroundApp" */ = {
			isa = XCConfigurationList;
			buildConfigurations = (
				49F90C4B2A52156300F06D93 /* Debug */,
				49F90C4C2A52156300F06D93 /* Release */,
			);
			defaultConfigurationIsVisible = 0;
			defaultConfigurationName = Release;
		};
		49F90C4D2A52156300F06D93 /* Build configuration list for PBXNativeTarget "App" */ = {
			isa = XCConfigurationList;
			buildConfigurations = (
				49F90C4E2A52156300F06D93 /* Debug */,
				49F90C4F2A52156300F06D93 /* Release */,
			);
			defaultConfigurationIsVisible = 0;
			defaultConfigurationName = Release;
		};
/* End XCConfigurationList section */

/* Begin XCSwiftPackageProductDependency section */
		49231BAB2AC5BCEF00F98ADF /* PlaygroundApp */ = {
			isa = XCSwiftPackageProductDependency;
			productName = PlaygroundApp;
		};
		49A79E282AC6747500C307B2 /* PlaygroundApp */ = {
			isa = XCSwiftPackageProductDependency;
			productName = PlaygroundApp;
		};
/* End XCSwiftPackageProductDependency section */
	};
	rootObject = 49F90C202A52156200F06D93 /* Project object */;
}
